<?xml version="1.0" encoding="utf-8"?>
<Project ToolsVersion="4.0" xmlns="http://schemas.microsoft.com/developer/msbuild/2003">
  <ItemGroup>
    <Filter Include="소스 파일">
      <UniqueIdentifier>{4FC737F1-C7A5-4376-A066-2A32D752A2FF}</UniqueIdentifier>
      <Extensions>cpp;c;cc;cxx;c++;cppm;ixx;def;odl;idl;hpj;bat;asm;asmx</Extensions>
    </Filter>
    <Filter Include="리소스 파일">
      <UniqueIdentifier>{67DA6AB6-F800-4c08-8B7A-83BB121AAD01}</UniqueIdentifier>
      <Extensions>rc;ico;cur;bmp;dlg;rc2;rct;bin;rgs;gif;jpg;jpeg;jpe;resx;tiff;tif;png;wav;mfcribbon-ms</Extensions>
    </Filter>
    <Filter Include="소스 파일\Utils">
      <UniqueIdentifier>{ef990dd5-a0f3-4cff-b72b-30d41704a2ad}</UniqueIdentifier>
    </Filter>
    <Filter Include="소스 파일\Game">
      <UniqueIdentifier>{07699f52-f304-490e-a434-2dda7e44a2a0}</UniqueIdentifier>
    </Filter>
    <Filter Include="소스 파일\Utils\Client">
      <UniqueIdentifier>{723faaeb-7158-4061-97a3-d0e36878d6a2}</UniqueIdentifier>
    </Filter>
    <Filter Include="소스 파일\Utils\pch">
      <UniqueIdentifier>{1dd5411e-af12-4be8-9197-d747ef6b4f76}</UniqueIdentifier>
    </Filter>
    <Filter Include="소스 파일\Defines">
      <UniqueIdentifier>{fbb7d614-d3b3-4b34-a85a-5bc9d620321f}</UniqueIdentifier>
    </Filter>
    <Filter Include="소스 파일\Objects">
      <UniqueIdentifier>{3ad4cb2d-2f34-4ca0-9e79-55d611051b15}</UniqueIdentifier>
    </Filter>
    <Filter Include="소스 파일\Objects\00. Scene">
      <UniqueIdentifier>{ffc51424-6759-4955-a77d-a12099f80a5e}</UniqueIdentifier>
    </Filter>
    <Filter Include="소스 파일\Objects\00. Scene\Loader">
      <UniqueIdentifier>{79aec8c0-a1cf-44e6-8074-73c2bd4c7df2}</UniqueIdentifier>
    </Filter>
    <Filter Include="소스 파일\Objects\00. Scene\Logo">
      <UniqueIdentifier>{9e62b6ab-5678-4867-ab4c-d275de68f83d}</UniqueIdentifier>
    </Filter>
    <Filter Include="소스 파일\Objects\00. Scene\Loading">
      <UniqueIdentifier>{b967e154-099f-428c-93ac-f1b2d9ce0113}</UniqueIdentifier>
    </Filter>
    <Filter Include="소스 파일\Objects\00. Scene\Test">
      <UniqueIdentifier>{4dd14297-8e28-4ee0-89be-a972d2ae46bc}</UniqueIdentifier>
    </Filter>
    <Filter Include="소스 파일\Objects\00. Scene\GamePlay">
      <UniqueIdentifier>{a8fa2d3d-0869-4da4-b446-9e2aa298468c}</UniqueIdentifier>
    </Filter>
    <Filter Include="소스 파일\Objects\02. Camera">
      <UniqueIdentifier>{c73e4ffb-1df9-4e67-afca-b4e31b330758}</UniqueIdentifier>
    </Filter>
    <Filter Include="소스 파일\Objects\03. Monster">
      <UniqueIdentifier>{903a5f91-2902-4cef-a63f-bfc9da285c71}</UniqueIdentifier>
    </Filter>
    <Filter Include="소스 파일\Objects\03. Monster\Boss">
      <UniqueIdentifier>{f391a361-40f4-47f8-be68-26d238cfca11}</UniqueIdentifier>
    </Filter>
    <Filter Include="소스 파일\Objects\03. Monster\Boss\Weeper">
      <UniqueIdentifier>{38931a79-0d11-4864-815c-bec3ced30266}</UniqueIdentifier>
    </Filter>
    <Filter Include="소스 파일\Objects\03. Monster\Boss\Dragon">
      <UniqueIdentifier>{b0bea009-2752-4897-8f6e-717ec8c1f1a4}</UniqueIdentifier>
    </Filter>
    <Filter Include="소스 파일\Objects\03. Monster\Boss\Golem">
      <UniqueIdentifier>{27e16deb-49ab-48d0-a533-73a0bdf8c6bd}</UniqueIdentifier>
    </Filter>
    <Filter Include="소스 파일\Objects\03. Monster\Boss\Scorpion">
      <UniqueIdentifier>{83fcf50e-5307-4406-b3f3-3cc197ee3e05}</UniqueIdentifier>
    </Filter>
    <Filter Include="소스 파일\Objects\04. Player">
      <UniqueIdentifier>{e490753e-6dfd-468e-bcb5-3817822b76f9}</UniqueIdentifier>
    </Filter>
    <Filter Include="소스 파일\Objects\04. Player\Script">
      <UniqueIdentifier>{aaf5488c-ece7-40c8-8fb2-42a0e9ca5ae2}</UniqueIdentifier>
    </Filter>
    <Filter Include="소스 파일\Objects\01. UI">
      <UniqueIdentifier>{ca12ca84-1c51-45ff-9ffc-c5951463c314}</UniqueIdentifier>
    </Filter>
    <Filter Include="소스 파일\Objects\05. Skill">
      <UniqueIdentifier>{6f9aab8d-6ade-46d0-8bd4-eecb588714ab}</UniqueIdentifier>
    </Filter>
    <Filter Include="소스 파일\Objects\05. Skill\Bomb">
      <UniqueIdentifier>{4337bf39-ca73-4a1c-b8ca-15e0cf3189a7}</UniqueIdentifier>
    </Filter>
    <Filter Include="소스 파일\Objects\01. UI\Logo">
      <UniqueIdentifier>{332588ac-9884-408a-8df7-5ba932235a60}</UniqueIdentifier>
    </Filter>
    <Filter Include="소스 파일\Objects\06. PhysxObject">
      <UniqueIdentifier>{97ae9657-f1ac-4ed5-85e0-a38f4ce4a87f}</UniqueIdentifier>
    </Filter>
    <Filter Include="소스 파일\Objects\01. UI\Lobby">
      <UniqueIdentifier>{1150c4ec-3cd6-4fe1-a21a-ee139df8ca0e}</UniqueIdentifier>
    </Filter>
    <Filter Include="소스 파일\Objects\01. UI\Interface">
      <UniqueIdentifier>{3c41b792-484a-41b4-92fc-83b35010d9f3}</UniqueIdentifier>
    </Filter>
    <Filter Include="소스 파일\Objects\01. UI\Loading">
      <UniqueIdentifier>{a89f9447-0913-4781-8fb1-fd07c1c6fcd4}</UniqueIdentifier>
    </Filter>
    <Filter Include="소스 파일\Objects\07. Effect">
      <UniqueIdentifier>{29c21a5e-788b-45da-9723-982cc078b074}</UniqueIdentifier>
    </Filter>
    <Filter Include="소스 파일\Objects\01. UI\In Game">
      <UniqueIdentifier>{02a96ad3-9cb0-4c9f-b1f9-a752b4f716e6}</UniqueIdentifier>
    </Filter>
    <Filter Include="소스 파일\Objects\00. Scene\Start">
      <UniqueIdentifier>{f362c834-16bf-44f0-9884-fde20fca0adb}</UniqueIdentifier>
    </Filter>
    <Filter Include="소스 파일\Objects\00. Scene\Character Selection">
      <UniqueIdentifier>{7e0adb38-9509-43c8-8aa0-17255d380cab}</UniqueIdentifier>
    </Filter>
    <Filter Include="소스 파일\Objects\08. Trigger">
      <UniqueIdentifier>{1ecff825-3366-4b22-8828-504c2204651e}</UniqueIdentifier>
    </Filter>
    <Filter Include="소스 파일\Objects\08. Trigger\Box">
      <UniqueIdentifier>{8329705e-7bd8-4f72-b5e2-7b773d9bc9d5}</UniqueIdentifier>
    </Filter>
    <Filter Include="소스 파일\Objects\02. Camera\Basic">
      <UniqueIdentifier>{1332d2c3-8ee0-409c-8ff2-b60f2d246352}</UniqueIdentifier>
    </Filter>
    <Filter Include="소스 파일\Objects\02. Camera\InfoUI">
      <UniqueIdentifier>{7c7c982a-c6a0-42b9-8675-33e380f70241}</UniqueIdentifier>
    </Filter>
    <Filter Include="소스 파일\Objects\01. UI\In Game\Fade">
      <UniqueIdentifier>{09b16139-f0c5-498f-9cf9-2535a01d7371}</UniqueIdentifier>
    </Filter>
    <Filter Include="소스 파일\Objects\01. UI\In Game\TriggerUI">
      <UniqueIdentifier>{cc54d834-e12c-4291-ab7f-8bd084267e60}</UniqueIdentifier>
    </Filter>
    <Filter Include="소스 파일\Objects\01. UI\In Game\TriggerUI\PortalUI">
      <UniqueIdentifier>{b8f71ea7-8a7d-4ece-8c3f-bc4d17933dbf}</UniqueIdentifier>
    </Filter>
    <Filter Include="소스 파일\Objects\02. Camera\Movement">
      <UniqueIdentifier>{48cbf827-d8aa-4db6-8ff9-11844c06af63}</UniqueIdentifier>
    </Filter>
    <Filter Include="소스 파일\Objects\09. Magic Effect">
      <UniqueIdentifier>{777d1787-a5ef-4fcf-b735-0a480ffd3595}</UniqueIdentifier>
    </Filter>
    <Filter Include="소스 파일\Objects\02. Camera\Cinematic">
      <UniqueIdentifier>{c6ad6890-ac4c-4291-8802-ec51a2edada0}</UniqueIdentifier>
    </Filter>
    <Filter Include="소스 파일\Objects\01. UI\In Game\TriggerUI\OneTimeDialogue">
      <UniqueIdentifier>{5a7d84fd-d439-4625-8d4b-28bb2c73d81e}</UniqueIdentifier>
    </Filter>
    <Filter Include="소스 파일\Objects\10. Creator">
      <UniqueIdentifier>{0c7b09a9-7cf4-493f-a818-58577fadbdf5}</UniqueIdentifier>
    </Filter>
    <Filter Include="소스 파일\Objects\01. UI\PopUp">
      <UniqueIdentifier>{f394eda1-1002-490a-92e8-e73e28f53b48}</UniqueIdentifier>
    </Filter>
    <Filter Include="소스 파일\Objects\01. UI\PopUp\Setting">
      <UniqueIdentifier>{28cab0e4-e020-4494-b4aa-3e86089f9807}</UniqueIdentifier>
    </Filter>
    <Filter Include="소스 파일\Objects\01. UI\PopUp\Close">
      <UniqueIdentifier>{c4292df8-f973-4f37-a51f-7eb87b40a56e}</UniqueIdentifier>
    </Filter>
    <Filter Include="소스 파일\Objects\01. UI\PopUp\Setting\Setting">
      <UniqueIdentifier>{2f5bd197-9400-4e34-9dc8-2d305ffbff53}</UniqueIdentifier>
    </Filter>
    <Filter Include="소스 파일\Objects\01. UI\PopUp\Setting\Sound">
      <UniqueIdentifier>{3b5e492d-9dea-4ac0-86a8-2b952f8e4b8c}</UniqueIdentifier>
    </Filter>
    <Filter Include="소스 파일\Objects\01. UI\PopUp\Setting\Sound\Mute">
      <UniqueIdentifier>{400d9a56-8079-4525-a0a3-19f5594b51fe}</UniqueIdentifier>
    </Filter>
    <Filter Include="소스 파일\Objects\01. UI\Character Select">
      <UniqueIdentifier>{658f0cdb-da50-4601-8584-5d4b8ee41692}</UniqueIdentifier>
    </Filter>
    <Filter Include="소스 파일\Objects\01. UI\Character Select\Character">
      <UniqueIdentifier>{583b70eb-e993-428f-8a1d-7c3fd94b644d}</UniqueIdentifier>
    </Filter>
    <Filter Include="소스 파일\Objects\01. UI\Character Select\Ready">
      <UniqueIdentifier>{7807bcbb-94b9-485d-b136-df3f363c3308}</UniqueIdentifier>
    </Filter>
    <Filter Include="소스 파일\Objects\01. UI\Character Select\Character\Description">
      <UniqueIdentifier>{a553e013-1d10-4528-8ad1-19b4d418ce3f}</UniqueIdentifier>
    </Filter>
    <Filter Include="소스 파일\Objects\01. UI\Character Select\Character\Button">
      <UniqueIdentifier>{c5214d3c-78ff-45f6-905c-f85f2b355bf1}</UniqueIdentifier>
    </Filter>
    <Filter Include="소스 파일\Objects\01. UI\In Game\BossUI">
      <UniqueIdentifier>{61ed2ea5-f629-4988-a76d-62827f86b45d}</UniqueIdentifier>
    </Filter>
    <Filter Include="소스 파일\Objects\01. UI\In Game\BossUI\HP">
      <UniqueIdentifier>{b65b598a-204f-43b5-8468-e4e8c7ac3eed}</UniqueIdentifier>
    </Filter>
    <Filter Include="소스 파일\Objects\01. UI\PopUp\Input">
      <UniqueIdentifier>{10409053-67c1-4df9-b7d6-3c908abf358d}</UniqueIdentifier>
    </Filter>
    <Filter Include="소스 파일\Objects\01. UI\In Game\BossUI\Warning">
      <UniqueIdentifier>{ad03454e-bf98-40e0-8357-8fc1ee5e07db}</UniqueIdentifier>
    </Filter>
    <Filter Include="소스 파일\Objects\03. Monster\Boss\Weeper\Effect">
      <UniqueIdentifier>{8f146ce7-a65f-49a0-9207-adc9b0cecc92}</UniqueIdentifier>
    </Filter>
    <Filter Include="소스 파일\Objects\03. Monster\Boss\Counter Effect">
      <UniqueIdentifier>{c479d1ef-7b48-4827-a10a-b7670be41a8d}</UniqueIdentifier>
    </Filter>
    <Filter Include="소스 파일\Objects\01. UI\In Game\BossUI\Tutorial">
      <UniqueIdentifier>{d16b13aa-019f-477b-98c9-c05a696b4053}</UniqueIdentifier>
    </Filter>
    <Filter Include="소스 파일\Objects\06. PhysxObject\Object">
      <UniqueIdentifier>{c5225de8-b3af-46b8-a09f-96cda53b449f}</UniqueIdentifier>
    </Filter>
    <Filter Include="소스 파일\Objects\06. PhysxObject\Particle">
      <UniqueIdentifier>{372876d3-95cc-4c17-ab6b-15ed8852c027}</UniqueIdentifier>
    </Filter>
    <Filter Include="소스 파일\Objects\01. UI\In Game\Progress">
      <UniqueIdentifier>{dbc7083e-189b-4d7b-aa97-7fa8fb6a52fd}</UniqueIdentifier>
    </Filter>
    <Filter Include="소스 파일\Objects\01. UI\In Game\Progress\Image">
      <UniqueIdentifier>{df3d7337-5f48-43c6-bc04-2ee3e6f0f616}</UniqueIdentifier>
    </Filter>
    <Filter Include="소스 파일\Objects\01. UI\In Game\Progress\Button">
      <UniqueIdentifier>{d822acb5-8316-48dc-a0b5-37fe5c9e3723}</UniqueIdentifier>
    </Filter>
    <Filter Include="소스 파일\Objects\01. UI\In Game\Progress\Player Icon">
      <UniqueIdentifier>{a7e87a48-4c26-492c-a84d-f447ccc9ddab}</UniqueIdentifier>
    </Filter>
    <Filter Include="소스 파일\Objects\11. Lights">
      <UniqueIdentifier>{f43ec7f1-2d54-4c71-8291-754ba1c04851}</UniqueIdentifier>
    </Filter>
    <Filter Include="소스 파일\Objects\11. Lights\FollowingLight">
      <UniqueIdentifier>{38fde3d7-520a-4eda-b75a-6ff718e0fec3}</UniqueIdentifier>
    </Filter>
  </ItemGroup>
  <ItemGroup>
    <ClInclude Include="Game.h">
      <Filter>소스 파일\Game</Filter>
    </ClInclude>
    <ClInclude Include="Client.h">
      <Filter>소스 파일\Utils\Client</Filter>
    </ClInclude>
    <ClInclude Include="framework.h">
      <Filter>소스 파일\Utils\Client</Filter>
    </ClInclude>
    <ClInclude Include="Resource.h">
      <Filter>소스 파일\Utils\Client</Filter>
    </ClInclude>
    <ClInclude Include="targetver.h">
      <Filter>소스 파일\Utils\Client</Filter>
    </ClInclude>
    <ClInclude Include="pch.h">
      <Filter>소스 파일\Utils\pch</Filter>
    </ClInclude>
    <ClInclude Include="MainPlayer.h">
      <Filter>소스 파일\Objects\04. Player</Filter>
    </ClInclude>
    <ClInclude Include="PlayerRangeAttack.h">
      <Filter>소스 파일\Objects\04. Player\Script</Filter>
    </ClInclude>
    <ClInclude Include="Monster_Weeper.h">
      <Filter>소스 파일\Objects\03. Monster\Boss\Weeper</Filter>
    </ClInclude>
    <ClInclude Include="Scripts.hpp">
      <Filter>소스 파일\Objects</Filter>
    </ClInclude>
    <ClInclude Include="Player_Script.h">
      <Filter>소스 파일\Objects\04. Player\Script</Filter>
    </ClInclude>
    <ClInclude Include="Monster_Script.h">
      <Filter>소스 파일\Objects\03. Monster</Filter>
    </ClInclude>
    <ClInclude Include="Monster_Dragon.h">
      <Filter>소스 파일\Objects\03. Monster\Boss\Dragon</Filter>
    </ClInclude>
    <ClInclude Include="Monster_Golem.h">
      <Filter>소스 파일\Objects\03. Monster\Boss\Golem</Filter>
    </ClInclude>
    <ClInclude Include="MonsterRangeAttack.h">
      <Filter>소스 파일\Objects\03. Monster</Filter>
    </ClInclude>
    <ClInclude Include="Monster_Scorpion.h">
      <Filter>소스 파일\Objects\03. Monster\Boss\Scorpion</Filter>
    </ClInclude>
    <ClInclude Include="Loader.h">
      <Filter>소스 파일\Objects\00. Scene\Loader</Filter>
    </ClInclude>
    <ClInclude Include="Client_Defines.h">
      <Filter>소스 파일\Defines</Filter>
    </ClInclude>
    <ClInclude Include="Scene_Loading.h">
      <Filter>소스 파일\Objects\00. Scene\Loading</Filter>
    </ClInclude>
    <ClInclude Include="Scene_Logo.h">
      <Filter>소스 파일\Objects\00. Scene\Logo</Filter>
    </ClInclude>
    <ClInclude Include="Scene_GamePlay.h">
      <Filter>소스 파일\Objects\00. Scene\GamePlay</Filter>
    </ClInclude>
    <ClInclude Include="Skill_Script.h">
      <Filter>소스 파일\Objects\05. Skill</Filter>
    </ClInclude>
    <ClInclude Include="Skill_Bomb_Script.h">
      <Filter>소스 파일\Objects\05. Skill\Bomb</Filter>
    </ClInclude>
    <ClInclude Include="Logo_Start.h">
      <Filter>소스 파일\Objects\01. UI\Logo</Filter>
    </ClInclude>
    <ClInclude Include="Scene_Test.h">
      <Filter>소스 파일\Objects\00. Scene\Test</Filter>
    </ClInclude>
    <ClInclude Include="LoginButton_Script.h">
      <Filter>소스 파일\Objects\01. UI\Lobby</Filter>
    </ClInclude>
    <ClInclude Include="Logo_Script.h">
      <Filter>소스 파일\Objects\01. UI\Interface</Filter>
    </ClInclude>
    <ClInclude Include="Button_Script.h">
      <Filter>소스 파일\Objects\01. UI\Interface</Filter>
    </ClInclude>
    <ClInclude Include="UI_Script.h">
      <Filter>소스 파일\Objects\01. UI\Interface</Filter>
    </ClInclude>
    <ClInclude Include="Scene_CharacterSelection.h">
      <Filter>소스 파일\Objects\00. Scene\Character Selection</Filter>
    </ClInclude>
    <ClInclude Include="Scenes.hpp">
      <Filter>소스 파일\Objects\00. Scene</Filter>
    </ClInclude>
    <ClInclude Include="Loading_Script.h">
      <Filter>소스 파일\Objects\01. UI\Loading</Filter>
    </ClInclude>
    <ClInclude Include="Effect_Script.h">
      <Filter>소스 파일\Objects\07. Effect</Filter>
    </ClInclude>
    <ClInclude Include="Bar_Script.h">
      <Filter>소스 파일\Objects\01. UI\Interface</Filter>
    </ClInclude>
    <ClInclude Include="TriggerBox.h">
      <Filter>소스 파일\Objects\08. Trigger\Box</Filter>
    </ClInclude>
    <ClInclude Include="Camera_Script.h">
      <Filter>소스 파일\Objects\02. Camera\Basic</Filter>
    </ClInclude>
    <ClInclude Include="Cinematic_Script.h">
      <Filter>소스 파일\Objects\02. Camera\Cinematic</Filter>
    </ClInclude>
    <ClInclude Include="InfoUI_Script.h">
      <Filter>소스 파일\Objects\02. Camera\InfoUI</Filter>
    </ClInclude>
    <ClInclude Include="Fade_Script.h">
      <Filter>소스 파일\Objects\01. UI\In Game\Fade</Filter>
    </ClInclude>
    <ClInclude Include="Scene_Start.h">
      <Filter>소스 파일\Objects\00. Scene\Start</Filter>
    </ClInclude>
    <ClInclude Include="PortalUI_Script.h">
      <Filter>소스 파일\Objects\01. UI\In Game\TriggerUI\PortalUI</Filter>
    </ClInclude>
    <ClInclude Include="Movement_Script.h">
      <Filter>소스 파일\Objects\02. Camera\Movement</Filter>
    </ClInclude>
    <ClInclude Include="Magic_Artifact_Script.h">
      <Filter>소스 파일\Objects\09. Magic Effect</Filter>
    </ClInclude>
    <ClInclude Include="OneTimeDialogue_Script.h">
      <Filter>소스 파일\Objects\01. UI\In Game\TriggerUI\OneTimeDialogue</Filter>
    </ClInclude>
    <ClInclude Include="Creator.h">
      <Filter>소스 파일\Objects\10. Creator</Filter>
    </ClInclude>
    <ClInclude Include="CloseButton_Script.h">
      <Filter>소스 파일\Objects\01. UI\PopUp\Close</Filter>
    </ClInclude>
    <ClInclude Include="SettingButton_Script.h">
      <Filter>소스 파일\Objects\01. UI\PopUp\Setting\Setting</Filter>
    </ClInclude>
    <ClInclude Include="MuteButton_Script.h">
      <Filter>소스 파일\Objects\01. UI\PopUp\Setting\Sound\Mute</Filter>
    </ClInclude>
    <ClInclude Include="VolumeSlider_Script.h">
      <Filter>소스 파일\Objects\01. UI\PopUp\Setting\Sound</Filter>
    </ClInclude>
    <ClInclude Include="SliderTip_Script.h">
      <Filter>소스 파일\Objects\01. UI\PopUp\Setting\Setting</Filter>
    </ClInclude>
    <ClInclude Include="DescriptionButton_Script.h">
      <Filter>소스 파일\Objects\01. UI\Character Select\Character\Description</Filter>
    </ClInclude>
    <ClInclude Include="ReadyButton_Script.h">
      <Filter>소스 파일\Objects\01. UI\Character Select\Ready</Filter>
    </ClInclude>
    <ClInclude Include="CharacterSelectButton_Script.h">
      <Filter>소스 파일\Objects\01. UI\Character Select\Character\Button</Filter>
    </ClInclude>
    <ClInclude Include="BossHP_Script.h">
      <Filter>소스 파일\Objects\01. UI\In Game\BossUI\HP</Filter>
    </ClInclude>
    <ClInclude Include="InputString_Script.h">
      <Filter>소스 파일\Objects\01. UI\PopUp\Input</Filter>
    </ClInclude>
    <ClInclude Include="BossWarning_Script.h">
      <Filter>소스 파일\Objects\01. UI\In Game\BossUI\Warning</Filter>
    </ClInclude>
    <ClInclude Include="WeeperEffect_Script.h">
      <Filter>소스 파일\Objects\03. Monster\Boss\Weeper\Effect</Filter>
    </ClInclude>
    <ClInclude Include="BossCounterEffect_Script.h">
      <Filter>소스 파일\Objects\03. Monster\Boss\Counter Effect</Filter>
    </ClInclude>
    <ClInclude Include="BossTutorial_Script.h">
      <Filter>소스 파일\Objects\01. UI\In Game\BossUI\Tutorial</Filter>
    </ClInclude>
    <ClInclude Include="PageChangeButton_Script.h">
      <Filter>소스 파일\Objects\01. UI\In Game\BossUI\Tutorial</Filter>
    </ClInclude>
    <ClInclude Include="PhysxObject_Script.h">
      <Filter>소스 파일\Objects\06. PhysxObject\Object</Filter>
    </ClInclude>
    <ClInclude Include="Particle_Script.h">
      <Filter>소스 파일\Objects\06. PhysxObject\Particle</Filter>
    </ClInclude>
    <ClInclude Include="ProgressImage_Script.h">
      <Filter>소스 파일\Objects\01. UI\In Game\Progress\Image</Filter>
    </ClInclude>
    <ClInclude Include="ProgressUIButton_Script.h">
      <Filter>소스 파일\Objects\01. UI\In Game\Progress\Button</Filter>
    </ClInclude>
    <ClInclude Include="ProgressPlayerIcon_Script.h">
      <Filter>소스 파일\Objects\01. UI\In Game\Progress\Player Icon</Filter>
    </ClInclude>
    <ClInclude Include="FollowingPointLight_Script.h">
      <Filter>소스 파일\Objects\11. Lights\FollowingLight</Filter>
    </ClInclude>
  </ItemGroup>
  <ItemGroup>
    <ResourceCompile Include="Client.rc">
      <Filter>리소스 파일</Filter>
    </ResourceCompile>
  </ItemGroup>
  <ItemGroup>
    <Image Include="small.ico">
      <Filter>리소스 파일</Filter>
    </Image>
    <Image Include="Client.ico">
      <Filter>리소스 파일</Filter>
    </Image>
  </ItemGroup>
  <ItemGroup>
    <ClCompile Include="Game.cpp">
      <Filter>소스 파일\Game</Filter>
    </ClCompile>
    <ClCompile Include="Client.cpp">
      <Filter>소스 파일\Utils\Client</Filter>
    </ClCompile>
    <ClCompile Include="pch.cpp">
      <Filter>소스 파일\Utils\pch</Filter>
    </ClCompile>
    <ClCompile Include="MainPlayer.cpp">
      <Filter>소스 파일\Objects\04. Player</Filter>
    </ClCompile>
    <ClCompile Include="PlayerRangeAttack.cpp">
      <Filter>소스 파일\Objects\04. Player\Script</Filter>
    </ClCompile>
    <ClCompile Include="Monster_Weeper.cpp">
      <Filter>소스 파일\Objects\03. Monster\Boss\Weeper</Filter>
    </ClCompile>
    <ClCompile Include="Player_Script.cpp">
      <Filter>소스 파일\Objects\04. Player\Script</Filter>
    </ClCompile>
    <ClCompile Include="Monster_Script.cpp">
      <Filter>소스 파일\Objects\03. Monster</Filter>
    </ClCompile>
    <ClCompile Include="Monster_Dragon.cpp">
      <Filter>소스 파일\Objects\03. Monster\Boss\Dragon</Filter>
    </ClCompile>
    <ClCompile Include="Monster_Golem.cpp">
      <Filter>소스 파일\Objects\03. Monster\Boss\Golem</Filter>
    </ClCompile>
    <ClCompile Include="MonsterRangeAttack.cpp">
      <Filter>소스 파일\Objects\03. Monster</Filter>
    </ClCompile>
    <ClCompile Include="Monster_Scorpion.cpp">
      <Filter>소스 파일\Objects\03. Monster\Boss\Scorpion</Filter>
    </ClCompile>
    <ClCompile Include="Loader.cpp">
      <Filter>소스 파일\Objects\00. Scene\Loader</Filter>
    </ClCompile>
    <ClCompile Include="Scene_Loading.cpp">
      <Filter>소스 파일\Objects\00. Scene\Loading</Filter>
    </ClCompile>
    <ClCompile Include="Scene_Logo.cpp">
      <Filter>소스 파일\Objects\00. Scene\Logo</Filter>
    </ClCompile>
    <ClCompile Include="Scene_GamePlay.cpp">
      <Filter>소스 파일\Objects\00. Scene\GamePlay</Filter>
    </ClCompile>
    <ClCompile Include="Skill_Script.cpp">
      <Filter>소스 파일\Objects\05. Skill</Filter>
    </ClCompile>
    <ClCompile Include="Skill_Bomb_Script.cpp">
      <Filter>소스 파일\Objects\05. Skill\Bomb</Filter>
    </ClCompile>
    <ClCompile Include="Logo_Start.cpp">
      <Filter>소스 파일\Objects\01. UI\Logo</Filter>
    </ClCompile>
    <ClCompile Include="Scene_Test.cpp">
      <Filter>소스 파일\Objects\00. Scene\Test</Filter>
    </ClCompile>
    <ClCompile Include="LoginButton_Script.cpp">
      <Filter>소스 파일\Objects\01. UI\Lobby</Filter>
    </ClCompile>
    <ClCompile Include="Logo_Script.cpp">
      <Filter>소스 파일\Objects\01. UI\Interface</Filter>
    </ClCompile>
    <ClCompile Include="Button_Script.cpp">
      <Filter>소스 파일\Objects\01. UI\Interface</Filter>
    </ClCompile>
    <ClCompile Include="UI_Script.cpp">
      <Filter>소스 파일\Objects\01. UI\Interface</Filter>
    </ClCompile>
    <ClCompile Include="Scene_CharacterSelection.cpp">
      <Filter>소스 파일\Objects\00. Scene\Character Selection</Filter>
    </ClCompile>
    <ClCompile Include="Loading_Script.cpp">
      <Filter>소스 파일\Objects\01. UI\Loading</Filter>
    </ClCompile>
    <ClCompile Include="Effect_Script.cpp">
      <Filter>소스 파일\Objects\07. Effect</Filter>
    </ClCompile>
    <ClCompile Include="Bar_Script.cpp">
      <Filter>소스 파일\Objects\01. UI\Interface</Filter>
    </ClCompile>
    <ClCompile Include="TriggerBox.cpp">
      <Filter>소스 파일\Objects\08. Trigger\Box</Filter>
    </ClCompile>
    <ClCompile Include="Camera_Script.cpp">
      <Filter>소스 파일\Objects\02. Camera\Basic</Filter>
    </ClCompile>
    <ClCompile Include="Cinematic_Script.cpp">
      <Filter>소스 파일\Objects\02. Camera\Cinematic</Filter>
    </ClCompile>
    <ClCompile Include="InfoUI_Script.cpp">
      <Filter>소스 파일\Objects\02. Camera\InfoUI</Filter>
    </ClCompile>
    <ClCompile Include="Fade_Script.cpp">
      <Filter>소스 파일\Objects\01. UI\In Game\Fade</Filter>
    </ClCompile>
    <ClCompile Include="Scene_Start.cpp">
      <Filter>소스 파일\Objects\00. Scene\Start</Filter>
    </ClCompile>
    <ClCompile Include="PortalUI_Script.cpp">
      <Filter>소스 파일\Objects\01. UI\In Game\TriggerUI\PortalUI</Filter>
    </ClCompile>
    <ClCompile Include="Movement_Script.cpp">
      <Filter>소스 파일\Objects\02. Camera\Movement</Filter>
    </ClCompile>
    <ClCompile Include="Magic_Artifact_Script.cpp">
      <Filter>소스 파일\Objects\09. Magic Effect</Filter>
    </ClCompile>
    <ClCompile Include="OneTimeDialogue_Script.cpp">
      <Filter>소스 파일\Objects\01. UI\In Game\TriggerUI\OneTimeDialogue</Filter>
    </ClCompile>
    <ClCompile Include="Creator.cpp">
      <Filter>소스 파일\Objects\10. Creator</Filter>
    </ClCompile>
    <ClCompile Include="CloseButton_Script.cpp">
      <Filter>소스 파일\Objects\01. UI\PopUp\Close</Filter>
    </ClCompile>
    <ClCompile Include="SettingButton_Script.cpp">
      <Filter>소스 파일\Objects\01. UI\PopUp\Setting\Setting</Filter>
    </ClCompile>
    <ClCompile Include="MuteButton_Script.cpp">
      <Filter>소스 파일\Objects\01. UI\PopUp\Setting\Sound\Mute</Filter>
    </ClCompile>
    <ClCompile Include="VolumeSlider_Script.cpp">
      <Filter>소스 파일\Objects\01. UI\PopUp\Setting\Sound</Filter>
    </ClCompile>
    <ClCompile Include="SliderTip_Script.cpp">
      <Filter>소스 파일\Objects\01. UI\PopUp\Setting\Setting</Filter>
    </ClCompile>
    <ClCompile Include="DescriptionButton_Script.cpp">
      <Filter>소스 파일\Objects\01. UI\Character Select\Character\Description</Filter>
    </ClCompile>
    <ClCompile Include="ReadyButton_Script.cpp">
      <Filter>소스 파일\Objects\01. UI\Character Select\Ready</Filter>
    </ClCompile>
    <ClCompile Include="CharacterSelectButton_Script.cpp">
      <Filter>소스 파일\Objects\01. UI\Character Select\Character\Button</Filter>
    </ClCompile>
    <ClCompile Include="BossHP_Script.cpp">
      <Filter>소스 파일\Objects\01. UI\In Game\BossUI\HP</Filter>
    </ClCompile>
    <ClCompile Include="InputString_Script.cpp">
      <Filter>소스 파일\Objects\01. UI\PopUp\Input</Filter>
    </ClCompile>
    <ClCompile Include="BossWarning_Script.cpp">
      <Filter>소스 파일\Objects\01. UI\In Game\BossUI\Warning</Filter>
    </ClCompile>
    <ClCompile Include="WeeperEffect_Script.cpp">
      <Filter>소스 파일\Objects\03. Monster\Boss\Weeper\Effect</Filter>
    </ClCompile>
    <ClCompile Include="BossCounterEffect_Script.cpp">
      <Filter>소스 파일\Objects\03. Monster\Boss\Counter Effect</Filter>
    </ClCompile>
    <ClCompile Include="BossTutorial_Script.cpp">
      <Filter>소스 파일\Objects\01. UI\In Game\BossUI\Tutorial</Filter>
    </ClCompile>
    <ClCompile Include="PageChangeButton_Script.cpp">
      <Filter>소스 파일\Objects\01. UI\In Game\BossUI\Tutorial</Filter>
    </ClCompile>
    <ClCompile Include="PhysxObject_Script.cpp">
      <Filter>소스 파일\Objects\06. PhysxObject\Object</Filter>
    </ClCompile>
    <ClCompile Include="Particle_Script.cpp">
      <Filter>소스 파일\Objects\06. PhysxObject\Particle</Filter>
    </ClCompile>
    <ClCompile Include="ProgressImage_Script.cpp">
      <Filter>소스 파일\Objects\01. UI\In Game\Progress\Image</Filter>
    </ClCompile>
    <ClCompile Include="ProgressUIButton_Script.cpp">
      <Filter>소스 파일\Objects\01. UI\In Game\Progress\Button</Filter>
    </ClCompile>
    <ClCompile Include="ProgressPlayerIcon_Script.cpp">
      <Filter>소스 파일\Objects\01. UI\In Game\Progress\Player Icon</Filter>
    </ClCompile>
    <ClCompile Include="FollowingPointLight_Script.cpp">
      <Filter>소스 파일\Objects\11. Lights\FollowingLight</Filter>
    </ClCompile>
  </ItemGroup>
</Project>