<?xml version="1.0" encoding="utf-8"?>
<Project ToolsVersion="4.0" xmlns="http://schemas.microsoft.com/developer/msbuild/2003">
  <ItemGroup>
    <Filter Include="Utils">
      <UniqueIdentifier>{2ea3fc68-f656-4e03-b04a-4f09b0519832}</UniqueIdentifier>
    </Filter>
    <Filter Include="Engine">
      <UniqueIdentifier>{3e593f7f-cb36-491b-a0c0-c772d591c097}</UniqueIdentifier>
    </Filter>
    <Filter Include="Resource">
      <UniqueIdentifier>{e424ef81-4f6b-4045-a094-ae244a945297}</UniqueIdentifier>
    </Filter>
    <Filter Include="Shader">
      <UniqueIdentifier>{7e01d464-3695-4c14-b8e5-90589ddef59a}</UniqueIdentifier>
    </Filter>
    <Filter Include="Resource\Mesh">
      <UniqueIdentifier>{32a87a2c-f56f-4abe-a07b-a56586edd68c}</UniqueIdentifier>
    </Filter>
    <Filter Include="Resource\Texture">
      <UniqueIdentifier>{bcd33a04-99b6-43dc-8b20-3a7a5118006e}</UniqueIdentifier>
    </Filter>
    <Filter Include="Resource\Shader">
      <UniqueIdentifier>{b557df4e-fd36-4998-83d2-1abf895f3b5d}</UniqueIdentifier>
    </Filter>
    <Filter Include="Resource\Material">
      <UniqueIdentifier>{56329210-0252-4237-b022-c1a8485f0fb6}</UniqueIdentifier>
    </Filter>
    <Filter Include="GameObject">
      <UniqueIdentifier>{9c54d8ba-5bad-49fb-a87d-eb7512718638}</UniqueIdentifier>
    </Filter>
    <Filter Include="Manager">
      <UniqueIdentifier>{43dbe28b-24a8-4479-b8d0-7d619e71fdc0}</UniqueIdentifier>
    </Filter>
    <Filter Include="Manager\Scene">
      <UniqueIdentifier>{07056e0f-73b7-4802-bc3a-699f513c887b}</UniqueIdentifier>
    </Filter>
    <Filter Include="Manager\Timer">
      <UniqueIdentifier>{80ee85bb-19a0-4263-bf1e-26fe96dc8128}</UniqueIdentifier>
    </Filter>
    <Filter Include="Manager\Input">
      <UniqueIdentifier>{2bbabb2b-f9f7-4ff9-a380-6f13d93889f8}</UniqueIdentifier>
    </Filter>
    <Filter Include="Manager\Scene\Manager">
      <UniqueIdentifier>{3c98c40c-6540-40ea-9190-ea2db95d435e}</UniqueIdentifier>
    </Filter>
    <Filter Include="Engine\Logic">
      <UniqueIdentifier>{e78c2a21-2287-4102-b3aa-0c31da8c491a}</UniqueIdentifier>
    </Filter>
    <Filter Include="Engine\Logic\Device">
      <UniqueIdentifier>{ce2fa91c-6a5f-43d4-b07a-de30c630867a}</UniqueIdentifier>
    </Filter>
    <Filter Include="Engine\Logic\DepthSencilBuffer">
      <UniqueIdentifier>{13f5dacd-75d5-4993-b0c7-5315f9ebd974}</UniqueIdentifier>
    </Filter>
    <Filter Include="Engine\Logic\ConstantBuffer">
      <UniqueIdentifier>{ac69e395-eaff-4f9e-8eb0-4f6916ad14a2}</UniqueIdentifier>
    </Filter>
    <Filter Include="Engine\Logic\CommandQueue">
      <UniqueIdentifier>{93fbba35-241b-4cfb-9c03-3155da0b2b0f}</UniqueIdentifier>
    </Filter>
    <Filter Include="Engine\Logic\RootSignature">
      <UniqueIdentifier>{3585e486-25e9-4b7a-ae3a-8e22e0f19392}</UniqueIdentifier>
    </Filter>
    <Filter Include="Engine\Logic\SwapChain">
      <UniqueIdentifier>{501437ff-7aba-431d-852f-3fe15fa747db}</UniqueIdentifier>
    </Filter>
    <Filter Include="Engine\Logic\TableDescriptorHeap">
      <UniqueIdentifier>{67a4403a-5576-48ef-bc1b-8bf92aab2833}</UniqueIdentifier>
    </Filter>
    <Filter Include="GameObject\Component">
      <UniqueIdentifier>{5f3434d9-4796-49c9-9634-6416e70c5c98}</UniqueIdentifier>
    </Filter>
    <Filter Include="GameObject\Component\Transform">
      <UniqueIdentifier>{55b74979-2a4d-4bec-91e7-108414e12709}</UniqueIdentifier>
    </Filter>
    <Filter Include="GameObject\Component\MeshRenderer">
      <UniqueIdentifier>{9dc44675-24c7-42f2-bd2a-3967d88ddf88}</UniqueIdentifier>
    </Filter>
    <Filter Include="GameObject\Component\MonoBehaviour">
      <UniqueIdentifier>{c5ac215c-6d35-43bf-bab3-fae71f74b71b}</UniqueIdentifier>
    </Filter>
    <Filter Include="Resource\MeshData">
      <UniqueIdentifier>{c4ca0d84-089c-412d-9771-e530ffae1315}</UniqueIdentifier>
    </Filter>
    <Filter Include="Utils\00. GameInstance">
      <UniqueIdentifier>{0bef0c72-a839-4e4a-ba02-d874f08bd3d7}</UniqueIdentifier>
    </Filter>
    <Filter Include="Utils\01. FBXLoader">
      <UniqueIdentifier>{4209d072-7e65-4fe6-a2db-24951e82b468}</UniqueIdentifier>
    </Filter>
    <Filter Include="Utils\97. Math">
      <UniqueIdentifier>{10e7a726-282a-478f-a583-4733e4967c43}</UniqueIdentifier>
    </Filter>
    <Filter Include="Utils\98. Pch">
      <UniqueIdentifier>{6217d18d-9231-4388-8893-ccd78b8b6ff6}</UniqueIdentifier>
    </Filter>
    <Filter Include="Utils\99. Etc">
      <UniqueIdentifier>{266832c2-ad79-48be-bc20-0d0d18854f82}</UniqueIdentifier>
    </Filter>
    <Filter Include="Engine\Logic\InstancingBuffer">
      <UniqueIdentifier>{da49e49f-7738-48b1-b54c-e3e91de5204c}</UniqueIdentifier>
    </Filter>
    <Filter Include="Engine\Logic\RenderTargetGroup">
      <UniqueIdentifier>{0e75b4ea-297c-4e42-b092-5a69d917807e}</UniqueIdentifier>
    </Filter>
    <Filter Include="Engine\Logic\StructureBuffer">
      <UniqueIdentifier>{2e18e179-e5d4-43ac-973e-a57336911cda}</UniqueIdentifier>
    </Filter>
    <Filter Include="Manager\Instancing">
      <UniqueIdentifier>{5fba6bff-d468-4366-b57d-3225dea032de}</UniqueIdentifier>
    </Filter>
    <Filter Include="Manager\Resources">
      <UniqueIdentifier>{a39d4f8c-7ca6-4b73-baf9-52dffbeb0abb}</UniqueIdentifier>
    </Filter>
    <Filter Include="GameObject\Component\Animator">
      <UniqueIdentifier>{10fc71d0-c02a-450a-866a-57eee345641d}</UniqueIdentifier>
    </Filter>
    <Filter Include="GameObject\Component\Camera">
      <UniqueIdentifier>{27f6196e-5eeb-4a97-976f-7c276a832a1c}</UniqueIdentifier>
    </Filter>
    <Filter Include="GameObject\Component\Camera\TestCameraScript">
      <UniqueIdentifier>{cdbd4129-9a64-42c3-a12d-d46d29997941}</UniqueIdentifier>
    </Filter>
    <Filter Include="GameObject\Component\Collider">
      <UniqueIdentifier>{09c6df9f-b00d-4e56-8380-3bddeae6fb22}</UniqueIdentifier>
    </Filter>
    <Filter Include="GameObject\Component\Terrain">
      <UniqueIdentifier>{7928a644-e7c2-4985-9f72-95b3a7f6dd12}</UniqueIdentifier>
    </Filter>
    <Filter Include="GameObject\Component\ParticleSystem">
      <UniqueIdentifier>{df48fec5-b796-457b-b873-68f61af392d0}</UniqueIdentifier>
    </Filter>
    <Filter Include="GameObject\Component\Frustum">
      <UniqueIdentifier>{ed882ad0-f42d-4f91-98ff-78064a8ac89f}</UniqueIdentifier>
    </Filter>
    <Filter Include="GameObject\Component\Light">
      <UniqueIdentifier>{ce9f8aa8-8693-4893-893c-401e0cc39617}</UniqueIdentifier>
    </Filter>
    <Filter Include="Utils\96. Defines">
      <UniqueIdentifier>{13ec35ec-27be-44c7-84b1-4973a9b88aa7}</UniqueIdentifier>
    </Filter>
    <Filter Include="GameObject\Component\Network">
      <UniqueIdentifier>{f25af743-fb67-401f-86b2-7f343e6be863}</UniqueIdentifier>
    </Filter>
    <Filter Include="Manager\Network">
      <UniqueIdentifier>{bb966bc9-a312-4039-8ad7-a80ce4582e28}</UniqueIdentifier>
    </Filter>
    <Filter Include="Utils\Network">
      <UniqueIdentifier>{760a09ea-2a42-4201-a183-8860c7687376}</UniqueIdentifier>
    </Filter>
    <Filter Include="Utils\Network\OVERLAPPEDEX">
      <UniqueIdentifier>{b7e6d51c-7557-4c16-9be2-0c59f42e0962}</UniqueIdentifier>
    </Filter>
    <Filter Include="Utils\Network\Packet">
      <UniqueIdentifier>{5346227b-953c-462c-aa8b-84354a59e924}</UniqueIdentifier>
    </Filter>
    <Filter Include="Utils\Network\Protocol">
      <UniqueIdentifier>{1ad1dae9-0476-4ff6-bbc9-845e96c34ec6}</UniqueIdentifier>
    </Filter>
    <Filter Include="Utils\01. FBXLoader\MapLoader">
      <UniqueIdentifier>{c0617137-31f7-489d-9a3e-221527ba54df}</UniqueIdentifier>
    </Filter>
    <Filter Include="GameObject\Component\BillBoard">
      <UniqueIdentifier>{62bd6622-1ec3-4222-9a45-0b949baababb}</UniqueIdentifier>
    </Filter>
    <Filter Include="GameObject\Component\BlendObject">
      <UniqueIdentifier>{acea70a9-b54d-465f-b8bf-228ed23b835d}</UniqueIdentifier>
    </Filter>
    <Filter Include="Manager\Sound">
      <UniqueIdentifier>{f50dd932-b685-4d4b-9db9-5a59ddd22737}</UniqueIdentifier>
    </Filter>
    <Filter Include="GameObject\Component\Effect">
      <UniqueIdentifier>{20c705f8-5f9d-47a3-a81a-4479dc02f3fd}</UniqueIdentifier>
    </Filter>
    <Filter Include="Manager\Font">
      <UniqueIdentifier>{84630ac5-c932-4507-9048-4c4fcba699be}</UniqueIdentifier>
    </Filter>
    <Filter Include="GameObject\Component\Font">
      <UniqueIdentifier>{4aef647d-0a29-4d88-ba48-46495414f579}</UniqueIdentifier>
    </Filter>
    <Filter Include="Manager\Effect">
      <UniqueIdentifier>{b45d9475-cac0-40ac-8913-6a73e8dbac5a}</UniqueIdentifier>
    </Filter>
    <Filter Include="GameObject\Component\UI">
      <UniqueIdentifier>{322a16ae-6572-45a3-88bd-9d3f0f985019}</UniqueIdentifier>
    </Filter>
  </ItemGroup>
  <ItemGroup>
    <ClCompile Include="Engine.cpp">
      <Filter>Engine</Filter>
    </ClCompile>
    <ClCompile Include="CommandQueue.cpp">
      <Filter>Engine\Logic\CommandQueue</Filter>
    </ClCompile>
    <ClCompile Include="ConstantBuffer.cpp">
      <Filter>Engine\Logic\ConstantBuffer</Filter>
    </ClCompile>
    <ClCompile Include="Device.cpp">
      <Filter>Engine\Logic\Device</Filter>
    </ClCompile>
    <ClCompile Include="RootSignature.cpp">
      <Filter>Engine\Logic\RootSignature</Filter>
    </ClCompile>
    <ClCompile Include="SwapChain.cpp">
      <Filter>Engine\Logic\SwapChain</Filter>
    </ClCompile>
    <ClCompile Include="TableDescriptorHeap.cpp">
      <Filter>Engine\Logic\TableDescriptorHeap</Filter>
    </ClCompile>
    <ClCompile Include="Mesh.cpp">
      <Filter>Resource\Mesh</Filter>
    </ClCompile>
    <ClCompile Include="Shader.cpp">
      <Filter>Resource\Shader</Filter>
    </ClCompile>
    <ClCompile Include="Texture.cpp">
      <Filter>Resource\Texture</Filter>
    </ClCompile>
    <ClCompile Include="DepthStencilBuffer.cpp">
      <Filter>Engine\Logic\DepthSencilBuffer</Filter>
    </ClCompile>
    <ClCompile Include="Input.cpp">
      <Filter>Manager\Input</Filter>
    </ClCompile>
    <ClCompile Include="Timer.cpp">
      <Filter>Manager\Timer</Filter>
    </ClCompile>
    <ClCompile Include="Material.cpp">
      <Filter>Resource\Material</Filter>
    </ClCompile>
    <ClCompile Include="MonoBehaviour.cpp">
      <Filter>GameObject\Component\MonoBehaviour</Filter>
    </ClCompile>
    <ClCompile Include="MeshRenderer.cpp">
      <Filter>GameObject\Component\MeshRenderer</Filter>
    </ClCompile>
    <ClCompile Include="Camera.cpp">
      <Filter>GameObject\Component\Camera</Filter>
    </ClCompile>
    <ClCompile Include="TestCameraScript.cpp">
      <Filter>GameObject\Component\Camera\TestCameraScript</Filter>
    </ClCompile>
    <ClCompile Include="MeshData.cpp">
      <Filter>Resource\MeshData</Filter>
    </ClCompile>
    <ClCompile Include="EnginePch.cpp">
      <Filter>Utils\98. Pch</Filter>
    </ClCompile>
    <ClCompile Include="pch.cpp">
      <Filter>Utils\98. Pch</Filter>
    </ClCompile>
    <ClCompile Include="SimpleMath.cpp">
      <Filter>Utils\97. Math</Filter>
    </ClCompile>
    <ClCompile Include="Object.cpp">
      <Filter>GameObject</Filter>
    </ClCompile>
    <ClCompile Include="InstancingBuffer.cpp">
      <Filter>Engine\Logic\InstancingBuffer</Filter>
    </ClCompile>
    <ClCompile Include="RenderTargetGroup.cpp">
      <Filter>Engine\Logic\RenderTargetGroup</Filter>
    </ClCompile>
    <ClCompile Include="StructuredBuffer.cpp">
      <Filter>Engine\Logic\StructureBuffer</Filter>
    </ClCompile>
    <ClCompile Include="InstancingManager.cpp">
      <Filter>Manager\Instancing</Filter>
    </ClCompile>
    <ClCompile Include="Resources.cpp">
      <Filter>Manager\Resources</Filter>
    </ClCompile>
    <ClCompile Include="FBXLoader.cpp">
      <Filter>Utils\01. FBXLoader</Filter>
    </ClCompile>
    <ClCompile Include="GameInstance.cpp">
      <Filter>Utils\00. GameInstance</Filter>
    </ClCompile>
    <ClCompile Include="Animator.cpp">
      <Filter>GameObject\Component\Animator</Filter>
    </ClCompile>
    <ClCompile Include="BaseCollider.cpp">
      <Filter>GameObject\Component\Collider</Filter>
    </ClCompile>
    <ClCompile Include="SphereCollider.cpp">
      <Filter>GameObject\Component\Collider</Filter>
    </ClCompile>
    <ClCompile Include="Terrain.cpp">
      <Filter>GameObject\Component\Terrain</Filter>
    </ClCompile>
    <ClCompile Include="ParticleSystem.cpp">
      <Filter>GameObject\Component\ParticleSystem</Filter>
    </ClCompile>
    <ClCompile Include="Frustum.cpp">
      <Filter>GameObject\Component\Frustum</Filter>
    </ClCompile>
    <ClCompile Include="SceneManager.cpp">
      <Filter>Manager\Scene\Manager</Filter>
    </ClCompile>
    <ClCompile Include="Light.cpp">
      <Filter>GameObject\Component\Light</Filter>
    </ClCompile>
    <ClCompile Include="GameObject.cpp">
      <Filter>GameObject</Filter>
    </ClCompile>
    <ClCompile Include="Scene.cpp">
      <Filter>Manager\Scene</Filter>
    </ClCompile>
    <ClCompile Include="Transform.cpp">
      <Filter>GameObject\Component\Transform</Filter>
    </ClCompile>
    <ClCompile Include="Component.cpp">
      <Filter>GameObject\Component</Filter>
    </ClCompile>
    <ClCompile Include="Network.cpp">
      <Filter>GameObject\Component\Network</Filter>
    </ClCompile>
    <ClCompile Include="NetworkManager.cpp">
      <Filter>Manager\Network</Filter>
    </ClCompile>
    <ClCompile Include="..\..\..\vendor\include\Packet.cpp">
      <Filter>Utils\Network\Packet</Filter>
    </ClCompile>
    <ClCompile Include="..\..\..\vendor\include\OVERLAPPEDEX.cpp">
      <Filter>Utils\Network\OVERLAPPEDEX</Filter>
    </ClCompile>
    <ClCompile Include="FBXMapLoader.cpp">
      <Filter>Utils\01. FBXLoader\MapLoader</Filter>
    </ClCompile>
    <ClCompile Include="BillBoard.cpp">
      <Filter>GameObject\Component\BillBoard</Filter>
    </ClCompile>
    <ClCompile Include="BlendObject.cpp">
      <Filter>GameObject\Component\BlendObject</Filter>
    </ClCompile>
    <ClCompile Include="SoundManager.cpp">
      <Filter>Manager\Sound</Filter>
    </ClCompile>
    <ClCompile Include="Effect.cpp">
      <Filter>GameObject\Component\Effect</Filter>
    </ClCompile>
    <ClCompile Include="Font.cpp">
      <Filter>GameObject\Component\Font</Filter>
    </ClCompile>
    <ClCompile Include="FontManager.cpp">
      <Filter>Manager\Font</Filter>
    </ClCompile>
    <ClCompile Include="EffectManager.cpp">
      <Filter>Manager\Effect</Filter>
    </ClCompile>
    <ClCompile Include="UI.cpp">
      <Filter>GameObject\Component\UI</Filter>
    </ClCompile>
  </ItemGroup>
  <ItemGroup>
    <ClInclude Include="Engine.h">
      <Filter>Engine</Filter>
    </ClInclude>
    <ClInclude Include="CommandQueue.h">
      <Filter>Engine\Logic\CommandQueue</Filter>
    </ClInclude>
    <ClInclude Include="ConstantBuffer.h">
      <Filter>Engine\Logic\ConstantBuffer</Filter>
    </ClInclude>
    <ClInclude Include="Device.h">
      <Filter>Engine\Logic\Device</Filter>
    </ClInclude>
    <ClInclude Include="RootSignature.h">
      <Filter>Engine\Logic\RootSignature</Filter>
    </ClInclude>
    <ClInclude Include="SwapChain.h">
      <Filter>Engine\Logic\SwapChain</Filter>
    </ClInclude>
    <ClInclude Include="TableDescriptorHeap.h">
      <Filter>Engine\Logic\TableDescriptorHeap</Filter>
    </ClInclude>
    <ClInclude Include="Mesh.h">
      <Filter>Resource\Mesh</Filter>
    </ClInclude>
    <ClInclude Include="Shader.h">
      <Filter>Resource\Shader</Filter>
    </ClInclude>
    <ClInclude Include="Texture.h">
      <Filter>Resource\Texture</Filter>
    </ClInclude>
    <ClInclude Include="DepthStencilBuffer.h">
      <Filter>Engine\Logic\DepthSencilBuffer</Filter>
    </ClInclude>
    <ClInclude Include="Input.h">
      <Filter>Manager\Input</Filter>
    </ClInclude>
    <ClInclude Include="Timer.h">
      <Filter>Manager\Timer</Filter>
    </ClInclude>
    <ClInclude Include="Material.h">
      <Filter>Resource\Material</Filter>
    </ClInclude>
    <ClInclude Include="MonoBehaviour.h">
      <Filter>GameObject\Component\MonoBehaviour</Filter>
    </ClInclude>
    <ClInclude Include="MeshRenderer.h">
      <Filter>GameObject\Component\MeshRenderer</Filter>
    </ClInclude>
    <ClInclude Include="Camera.h">
      <Filter>GameObject\Component\Camera</Filter>
    </ClInclude>
    <ClInclude Include="TestCameraScript.h">
      <Filter>GameObject\Component\Camera\TestCameraScript</Filter>
    </ClInclude>
    <ClInclude Include="MeshData.h">
      <Filter>Resource\MeshData</Filter>
    </ClInclude>
    <ClInclude Include="EnginePch.h">
      <Filter>Utils\98. Pch</Filter>
    </ClInclude>
    <ClInclude Include="pch.h">
      <Filter>Utils\98. Pch</Filter>
    </ClInclude>
    <ClInclude Include="d3dx12.h">
      <Filter>Utils\99. Etc</Filter>
    </ClInclude>
    <ClInclude Include="SimpleMath.h">
      <Filter>Utils\97. Math</Filter>
    </ClInclude>
    <ClInclude Include="Object.h">
      <Filter>GameObject</Filter>
    </ClInclude>
    <ClInclude Include="InstancingBuffer.h">
      <Filter>Engine\Logic\InstancingBuffer</Filter>
    </ClInclude>
    <ClInclude Include="RenderTargetGroup.h">
      <Filter>Engine\Logic\RenderTargetGroup</Filter>
    </ClInclude>
    <ClInclude Include="StructuredBuffer.h">
      <Filter>Engine\Logic\StructureBuffer</Filter>
    </ClInclude>
    <ClInclude Include="InstancingManager.h">
      <Filter>Manager\Instancing</Filter>
    </ClInclude>
    <ClInclude Include="Resources.h">
      <Filter>Manager\Resources</Filter>
    </ClInclude>
    <ClInclude Include="FBXLoader.h">
      <Filter>Utils\01. FBXLoader</Filter>
    </ClInclude>
    <ClInclude Include="GameInstance.h">
      <Filter>Utils\00. GameInstance</Filter>
    </ClInclude>
    <ClInclude Include="Animator.h">
      <Filter>GameObject\Component\Animator</Filter>
    </ClInclude>
    <ClInclude Include="BaseCollider.h">
      <Filter>GameObject\Component\Collider</Filter>
    </ClInclude>
    <ClInclude Include="SphereCollider.h">
      <Filter>GameObject\Component\Collider</Filter>
    </ClInclude>
    <ClInclude Include="Terrain.h">
      <Filter>GameObject\Component\Terrain</Filter>
    </ClInclude>
    <ClInclude Include="ParticleSystem.h">
      <Filter>GameObject\Component\ParticleSystem</Filter>
    </ClInclude>
    <ClInclude Include="Frustum.h">
      <Filter>GameObject\Component\Frustum</Filter>
    </ClInclude>
    <ClInclude Include="SceneManager.h">
      <Filter>Manager\Scene\Manager</Filter>
    </ClInclude>
    <ClInclude Include="Light.h">
      <Filter>GameObject\Component\Light</Filter>
    </ClInclude>
    <ClInclude Include="Struct.h">
      <Filter>Utils\96. Defines</Filter>
    </ClInclude>
    <ClInclude Include="GameObject.h">
      <Filter>GameObject</Filter>
    </ClInclude>
    <ClInclude Include="Scene.h">
      <Filter>Manager\Scene</Filter>
    </ClInclude>
    <ClInclude Include="Transform.h">
      <Filter>GameObject\Component\Transform</Filter>
    </ClInclude>
    <ClInclude Include="Component.h">
      <Filter>GameObject\Component</Filter>
    </ClInclude>
    <ClInclude Include="Network.h">
      <Filter>GameObject\Component\Network</Filter>
    </ClInclude>
    <ClInclude Include="NetworkManager.h">
      <Filter>Manager\Network</Filter>
    </ClInclude>
    <ClInclude Include="..\..\..\vendor\include\Packet.h">
      <Filter>Utils\Network\Packet</Filter>
    </ClInclude>
    <ClInclude Include="..\..\..\vendor\include\OVERLAPPEDEX.h">
      <Filter>Utils\Network\OVERLAPPEDEX</Filter>
    </ClInclude>
    <ClInclude Include="..\..\..\vendor\include\protocol.hpp">
      <Filter>Utils\Network\Protocol</Filter>
    </ClInclude>
    <ClInclude Include="..\..\..\vendor\include\Define.h">
      <Filter>Utils\96. Defines</Filter>
    </ClInclude>
    <ClInclude Include="FBXMapLoader.h">
      <Filter>Utils\01. FBXLoader\MapLoader</Filter>
    </ClInclude>
    <ClInclude Include="BillBoard.h">
      <Filter>GameObject\Component\BillBoard</Filter>
    </ClInclude>
    <ClInclude Include="BlendObject.h">
      <Filter>GameObject\Component\BlendObject</Filter>
    </ClInclude>
    <ClInclude Include="SoundManager.h">
      <Filter>Manager\Sound</Filter>
    </ClInclude>
    <ClInclude Include="Effect.h">
      <Filter>GameObject\Component\Effect</Filter>
    </ClInclude>
    <ClInclude Include="Font.h">
      <Filter>GameObject\Component\Font</Filter>
    </ClInclude>
    <ClInclude Include="FontManager.h">
      <Filter>Manager\Font</Filter>
    </ClInclude>
    <ClInclude Include="EffectManager.h">
      <Filter>Manager\Effect</Filter>
    </ClInclude>
    <ClInclude Include="UI.h">
      <Filter>GameObject\Component\UI</Filter>
    </ClInclude>
  </ItemGroup>
  <ItemGroup>
    <None Include="..\Resources\Shader\default.hlsli">
      <Filter>Shader</Filter>
    </None>
    <None Include="SimpleMath.inl">
      <Filter>Utils\97. Math</Filter>
    </None>
  </ItemGroup>
  <ItemGroup>
    <FxCompile Include="..\Resources\Shader\params.fx">
      <Filter>Shader</Filter>
    </FxCompile>
    <FxCompile Include="..\Resources\Shader\particle.fx">
      <Filter>Shader</Filter>
    </FxCompile>
    <FxCompile Include="..\Resources\Shader\shadow.fx">
      <Filter>Shader</Filter>
    </FxCompile>
    <FxCompile Include="..\Resources\Shader\skybox.fx">
      <Filter>Shader</Filter>
    </FxCompile>
    <FxCompile Include="..\Resources\Shader\terrain.fx">
      <Filter>Shader</Filter>
    </FxCompile>
    <FxCompile Include="..\Resources\Shader\tessellation.fx">
      <Filter>Shader</Filter>
    </FxCompile>
    <FxCompile Include="..\Resources\Shader\utils.fx">
      <Filter>Shader</Filter>
    </FxCompile>
    <FxCompile Include="..\Resources\Shader\animation.fx">
      <Filter>Shader</Filter>
    </FxCompile>
    <FxCompile Include="..\Resources\Shader\compute.fx">
      <Filter>Shader</Filter>
    </FxCompile>
    <FxCompile Include="..\Resources\Shader\deferred.fx">
      <Filter>Shader</Filter>
    </FxCompile>
    <FxCompile Include="..\Resources\Shader\forward.fx">
      <Filter>Shader</Filter>
    </FxCompile>
    <FxCompile Include="..\Resources\Shader\lighting.fx">
      <Filter>Shader</Filter>
    </FxCompile>
    <FxCompile Include="..\Resources\Shader\math.fx">
      <Filter>Shader</Filter>
    </FxCompile>
    <FxCompile Include="..\Resources\Shader\font.fx">
      <Filter>Shader</Filter>
    </FxCompile>
  </ItemGroup>
</Project>