<?xml version="1.0" encoding="utf-8"?>
<Project ToolsVersion="4.0" xmlns="http://schemas.microsoft.com/developer/msbuild/2003">
  <ItemGroup>
    <Filter Include="Utils">
      <UniqueIdentifier>{2ea3fc68-f656-4e03-b04a-4f09b0519832}</UniqueIdentifier>
    </Filter>
    <Filter Include="Engine">
      <UniqueIdentifier>{3e593f7f-cb36-491b-a0c0-c772d591c097}</UniqueIdentifier>
    </Filter>
    <Filter Include="Resource">
      <UniqueIdentifier>{e424ef81-4f6b-4045-a094-ae244a945297}</UniqueIdentifier>
    </Filter>
    <Filter Include="Shader">
      <UniqueIdentifier>{7e01d464-3695-4c14-b8e5-90589ddef59a}</UniqueIdentifier>
    </Filter>
    <Filter Include="Engine\CommandQueue">
      <UniqueIdentifier>{93fbba35-241b-4cfb-9c03-3155da0b2b0f}</UniqueIdentifier>
    </Filter>
    <Filter Include="Engine\ConstantBuffer">
      <UniqueIdentifier>{ac69e395-eaff-4f9e-8eb0-4f6916ad14a2}</UniqueIdentifier>
    </Filter>
    <Filter Include="Engine\Device">
      <UniqueIdentifier>{ce2fa91c-6a5f-43d4-b07a-de30c630867a}</UniqueIdentifier>
    </Filter>
    <Filter Include="Engine\RootSignature">
      <UniqueIdentifier>{3585e486-25e9-4b7a-ae3a-8e22e0f19392}</UniqueIdentifier>
    </Filter>
    <Filter Include="Engine\SwapChain">
      <UniqueIdentifier>{501437ff-7aba-431d-852f-3fe15fa747db}</UniqueIdentifier>
    </Filter>
    <Filter Include="Engine\TableDescriptorHeap">
      <UniqueIdentifier>{67a4403a-5576-48ef-bc1b-8bf92aab2833}</UniqueIdentifier>
    </Filter>
    <Filter Include="Resource\Mesh">
      <UniqueIdentifier>{32a87a2c-f56f-4abe-a07b-a56586edd68c}</UniqueIdentifier>
    </Filter>
    <Filter Include="Resource\Texture">
      <UniqueIdentifier>{bcd33a04-99b6-43dc-8b20-3a7a5118006e}</UniqueIdentifier>
    </Filter>
    <Filter Include="Resource\Shader">
      <UniqueIdentifier>{b557df4e-fd36-4998-83d2-1abf895f3b5d}</UniqueIdentifier>
    </Filter>
    <Filter Include="Engine\DepthSencilBuffer">
      <UniqueIdentifier>{13f5dacd-75d5-4993-b0c7-5315f9ebd974}</UniqueIdentifier>
    </Filter>
  </ItemGroup>
  <ItemGroup>
    <ClCompile Include="pch.cpp">
      <Filter>Utils</Filter>
    </ClCompile>
    <ClCompile Include="EnginePch.cpp">
      <Filter>Utils</Filter>
    </ClCompile>
    <ClCompile Include="Engine.cpp">
      <Filter>Engine</Filter>
    </ClCompile>
    <ClCompile Include="CommandQueue.cpp">
      <Filter>Engine\CommandQueue</Filter>
    </ClCompile>
    <ClCompile Include="ConstantBuffer.cpp">
      <Filter>Engine\ConstantBuffer</Filter>
    </ClCompile>
    <ClCompile Include="Device.cpp">
      <Filter>Engine\Device</Filter>
    </ClCompile>
    <ClCompile Include="RootSignature.cpp">
      <Filter>Engine\RootSignature</Filter>
    </ClCompile>
    <ClCompile Include="SwapChain.cpp">
      <Filter>Engine\SwapChain</Filter>
    </ClCompile>
    <ClCompile Include="TableDescriptorHeap.cpp">
      <Filter>Engine\TableDescriptorHeap</Filter>
    </ClCompile>
    <ClCompile Include="Mesh.cpp">
      <Filter>Resource\Mesh</Filter>
    </ClCompile>
    <ClCompile Include="Shader.cpp">
      <Filter>Resource\Shader</Filter>
    </ClCompile>
    <ClCompile Include="Texture.cpp">
      <Filter>Resource\Texture</Filter>
    </ClCompile>
    <ClCompile Include="DepthStencilBuffer.cpp">
      <Filter>Engine\DepthSencilBuffer</Filter>
    </ClCompile>
  </ItemGroup>
  <ItemGroup>
    <ClInclude Include="EnginePch.h">
      <Filter>Utils</Filter>
    </ClInclude>
    <ClInclude Include="d3dx12.h">
      <Filter>Utils</Filter>
    </ClInclude>
    <ClInclude Include="Engine.h">
      <Filter>Engine</Filter>
    </ClInclude>
    <ClInclude Include="pch.h">
      <Filter>Utils</Filter>
    </ClInclude>
    <ClInclude Include="CommandQueue.h">
      <Filter>Engine\CommandQueue</Filter>
    </ClInclude>
    <ClInclude Include="ConstantBuffer.h">
      <Filter>Engine\ConstantBuffer</Filter>
    </ClInclude>
    <ClInclude Include="Device.h">
      <Filter>Engine\Device</Filter>
    </ClInclude>
    <ClInclude Include="RootSignature.h">
      <Filter>Engine\RootSignature</Filter>
    </ClInclude>
    <ClInclude Include="SwapChain.h">
      <Filter>Engine\SwapChain</Filter>
    </ClInclude>
    <ClInclude Include="TableDescriptorHeap.h">
      <Filter>Engine\TableDescriptorHeap</Filter>
    </ClInclude>
    <ClInclude Include="Mesh.h">
      <Filter>Resource\Mesh</Filter>
    </ClInclude>
    <ClInclude Include="Shader.h">
      <Filter>Resource\Shader</Filter>
    </ClInclude>
    <ClInclude Include="Texture.h">
      <Filter>Resource\Texture</Filter>
    </ClInclude>
    <ClInclude Include="DepthStencilBuffer.h">
      <Filter>Engine\DepthSencilBuffer</Filter>
    </ClInclude>
  </ItemGroup>
  <ItemGroup>
    <None Include="..\Resources\Shader\default.hlsli">
      <Filter>Shader</Filter>
    </None>
  </ItemGroup>
</Project>