
Microsoft Visual Studio Solution File, Format Version 12.00
# Visual Studio Version 17
VisualStudioVersion = 17.3.32825.248
MinimumVisualStudioVersion = 10.0.40219.1
Project("{8BC9CEB8-8B4A-11D0-8D11-00A0C91BC942}") = "Client", "Client\Client.vcxproj", "{DFF3B869-BAB5-4377-988D-76B140DA39DE}"
EndProject
Project("{8BC9CEB8-8B4A-11D0-8D11-00A0C91BC942}") = "Engine", "Engine\Engine.vcxproj", "{8DE99FBE-582D-45EC-A1AB-C03D3D8AB934}"
EndProject
Global
	GlobalSection(SolutionConfigurationPlatforms) = preSolution
		Debug|x64 = Debug|x64
		Debug|x86 = Debug|x86
		Release|x64 = Release|x64
		Release|x86 = Release|x86
	EndGlobalSection
	GlobalSection(ProjectConfigurationPlatforms) = postSolution
		{DFF3B869-BAB5-4377-988D-76B140DA39DE}.Debug|x64.ActiveCfg = Debug|x64
		{DFF3B869-BAB5-4377-988D-76B140DA39DE}.Debug|x64.Build.0 = Debug|x64
		{DFF3B869-BAB5-4377-988D-76B140DA39DE}.Debug|x86.ActiveCfg = Debug|Win32
		{DFF3B869-BAB5-4377-988D-76B140DA39DE}.Debug|x86.Build.0 = Debug|Win32
		{DFF3B869-BAB5-4377-988D-76B140DA39DE}.Release|x64.ActiveCfg = Release|x64
		{DFF3B869-BAB5-4377-988D-76B140DA39DE}.Release|x64.Build.0 = Release|x64
		{DFF3B869-BAB5-4377-988D-76B140DA39DE}.Release|x86.ActiveCfg = Release|Win32
		{DFF3B869-BAB5-4377-988D-76B140DA39DE}.Release|x86.Build.0 = Release|Win32
		{8DE99FBE-582D-45EC-A1AB-C03D3D8AB934}.Debug|x64.ActiveCfg = Debug|x64
		{8DE99FBE-582D-45EC-A1AB-C03D3D8AB934}.Debug|x64.Build.0 = Debug|x64
		{8DE99FBE-582D-45EC-A1AB-C03D3D8AB934}.Debug|x86.ActiveCfg = Debug|Win32
		{8DE99FBE-582D-45EC-A1AB-C03D3D8AB934}.Debug|x86.Build.0 = Debug|Win32
		{8DE99FBE-582D-45EC-A1AB-C03D3D8AB934}.Release|x64.ActiveCfg = Release|x64
		{8DE99FBE-582D-45EC-A1AB-C03D3D8AB934}.Release|x64.Build.0 = Release|x64
		{8DE99FBE-582D-45EC-A1AB-C03D3D8AB934}.Release|x86.ActiveCfg = Release|Win32
		{8DE99FBE-582D-45EC-A1AB-C03D3D8AB934}.Release|x86.Build.0 = Release|Win32
	EndGlobalSection
	GlobalSection(SolutionProperties) = preSolution
		HideSolutionNode = FALSE
	EndGlobalSection
	GlobalSection(ExtensibilityGlobals) = postSolution
		SolutionGuid = {3CF8918E-8209-4199-B0A5-433FE3457A9E}
	EndGlobalSection
EndGlobal
