<?xml version="1.0" encoding="utf-8"?>
<Project ToolsVersion="4.0" xmlns="http://schemas.microsoft.com/developer/msbuild/2003">
  <ItemGroup>
    <Filter Include="01. Server">
      <UniqueIdentifier>{4FC737F1-C7A5-4376-A066-2A32D752A2FF}</UniqueIdentifier>
      <Extensions>cpp;c;cc;cxx;c++;cppm;ixx;def;odl;idl;hpj;bat;asm;asmx</Extensions>
    </Filter>
    <Filter Include="01. Server\Session">
      <UniqueIdentifier>{13427df2-1108-4e0d-a1cb-f30ff0c01e05}</UniqueIdentifier>
    </Filter>
    <Filter Include="01. Server\Server">
      <UniqueIdentifier>{d64e419a-141a-454d-bac5-8633adf8f441}</UniqueIdentifier>
    </Filter>
    <Filter Include="02. Physx">
      <UniqueIdentifier>{ba8faa45-b231-480f-b253-74a556939d3d}</UniqueIdentifier>
    </Filter>
    <Filter Include="02. Physx\Collider">
      <UniqueIdentifier>{832f9aae-f013-46fe-b799-8101a423a49b}</UniqueIdentifier>
    </Filter>
    <Filter Include="02. Physx\Collider\Capsule">
      <UniqueIdentifier>{45878056-e58f-4da5-b31e-aa9d60c29811}</UniqueIdentifier>
    </Filter>
    <Filter Include="02. Physx\Collider\Box">
      <UniqueIdentifier>{a8f56ada-4830-47d8-b5b6-9b27be5d3686}</UniqueIdentifier>
    </Filter>
    <Filter Include="02. Physx\Collider\Mesh">
      <UniqueIdentifier>{9f343387-0059-4710-a144-e272f070293f}</UniqueIdentifier>
    </Filter>
    <Filter Include="02. Physx\RigidBody">
      <UniqueIdentifier>{6b90fb43-e27f-4515-8f62-8b81614d77df}</UniqueIdentifier>
    </Filter>
    <Filter Include="02. Physx\CustomController">
      <UniqueIdentifier>{6a258216-4807-4f59-a55b-280ab3648ecf}</UniqueIdentifier>
    </Filter>
    <Filter Include="99. Utility">
      <UniqueIdentifier>{9d7d2d7f-59b8-4a91-9717-7942f34b865f}</UniqueIdentifier>
    </Filter>
    <Filter Include="99. Utility\OVERLAPPEDEX">
      <UniqueIdentifier>{fe1b19af-0975-402c-8239-4223bbdf755d}</UniqueIdentifier>
    </Filter>
    <Filter Include="99. Utility\Packet">
      <UniqueIdentifier>{8be28791-ca75-4610-98f1-f8360ec68b94}</UniqueIdentifier>
    </Filter>
    <Filter Include="99. Utility\pch">
      <UniqueIdentifier>{d67b4dd7-36f3-490e-b001-fc64e913a602}</UniqueIdentifier>
    </Filter>
    <Filter Include="99. Utility\pch\CodeUtils">
      <UniqueIdentifier>{9f2b598d-d298-415c-941d-0b3e8b0e59bc}</UniqueIdentifier>
    </Filter>
    <Filter Include="97. System">
      <UniqueIdentifier>{d7a932d2-fc6d-4197-a240-41ee9190aaeb}</UniqueIdentifier>
    </Filter>
    <Filter Include="97. System\Timers">
      <UniqueIdentifier>{881c00b0-c9bd-4653-bf37-42ffa6785abe}</UniqueIdentifier>
    </Filter>
    <Filter Include="98. GameUtility">
      <UniqueIdentifier>{35e1d11d-8c11-487c-ba66-ae553824c63c}</UniqueIdentifier>
    </Filter>
    <Filter Include="98. GameUtility\00. GameInstance">
      <UniqueIdentifier>{c18632e7-a219-4552-b87f-327db3200b37}</UniqueIdentifier>
    </Filter>
    <Filter Include="98. GameUtility\01. GameObjects">
      <UniqueIdentifier>{76bf40ab-e1d3-4f91-a9c0-892e714653a4}</UniqueIdentifier>
    </Filter>
    <Filter Include="98. GameUtility\01. GameObjects\Manager">
      <UniqueIdentifier>{b38c987d-7311-43f0-a134-4849aa249389}</UniqueIdentifier>
    </Filter>
    <Filter Include="98. GameUtility\01. GameObjects\Layer">
      <UniqueIdentifier>{7a4be862-55fd-4b2a-9a85-09e54aeea517}</UniqueIdentifier>
    </Filter>
    <Filter Include="98. GameUtility\02. Components">
      <UniqueIdentifier>{697e3697-cc5e-45d1-85dc-815858f6aa42}</UniqueIdentifier>
    </Filter>
    <Filter Include="98. GameUtility\02. Components\Transform">
      <UniqueIdentifier>{09260775-d61b-404c-b227-2556f949a569}</UniqueIdentifier>
    </Filter>
    <Filter Include="98. GameUtility\02. Components\Transform\Vec3">
      <UniqueIdentifier>{dd6dfa62-25b1-4feb-b991-56862ed57398}</UniqueIdentifier>
    </Filter>
    <Filter Include="98. GameUtility\02. Components\Transform\Quat">
      <UniqueIdentifier>{f19e1efa-c55c-45d2-900b-eeee9186a125}</UniqueIdentifier>
    </Filter>
    <Filter Include="02. Physx\Collider\Sphere">
      <UniqueIdentifier>{3414add6-1974-4cd1-948f-22775f14820a}</UniqueIdentifier>
    </Filter>
    <Filter Include="02. Physx\Wrapper">
      <UniqueIdentifier>{d9312247-bb3f-40f4-b2b7-dbafa6d30a69}</UniqueIdentifier>
    </Filter>
    <Filter Include="02. Physx\Wrapper\Manager">
      <UniqueIdentifier>{eeafd0cb-b49d-4857-87bb-b2226eb4e499}</UniqueIdentifier>
    </Filter>
    <Filter Include="03. Game">
      <UniqueIdentifier>{c5a1fb99-c28d-4260-8fe9-feaaa1c3ab27}</UniqueIdentifier>
    </Filter>
    <Filter Include="98. GameUtility\03. Level">
      <UniqueIdentifier>{c29b474e-9a9c-48e2-b7ae-e93e4b48b393}</UniqueIdentifier>
    </Filter>
    <Filter Include="03. Game\01. GameObject">
      <UniqueIdentifier>{0da3c51b-6a78-4d3c-9863-c7590b2f8e13}</UniqueIdentifier>
    </Filter>
    <Filter Include="03. Game\01. GameObject\Player">
      <UniqueIdentifier>{19972ccc-bc07-4a90-92c3-fb0d44a4b4ba}</UniqueIdentifier>
    </Filter>
    <Filter Include="03. Game\01. GameObject\MapObject">
      <UniqueIdentifier>{5fa9efbb-ed4a-4f00-a8ac-58e79c6c82e5}</UniqueIdentifier>
    </Filter>
    <Filter Include="03. Game\00. Level">
      <UniqueIdentifier>{e2cb405e-61cd-4e6b-842e-4dd61c2c804a}</UniqueIdentifier>
    </Filter>
    <Filter Include="02. Physx\PhysDevice">
      <UniqueIdentifier>{98205cdf-b033-42c0-9f00-3287d050e728}</UniqueIdentifier>
    </Filter>
    <Filter Include="02. Physx\PhysDevice\FilterShader">
      <UniqueIdentifier>{137f7658-6687-4623-895c-16e33e743a8b}</UniqueIdentifier>
    </Filter>
    <Filter Include="02. Physx\PhysDevice\PhysQuery">
      <UniqueIdentifier>{53f4d438-2df5-4c78-a2b4-2d85f1db325c}</UniqueIdentifier>
    </Filter>
    <Filter Include="02. Physx\PhysDevice\PhysQuery\RaycastElements">
      <UniqueIdentifier>{c3809ef3-54c3-4a0e-9fb1-941efacfe375}</UniqueIdentifier>
    </Filter>
    <Filter Include="02. Physx\PhysDevice\EventCallback">
      <UniqueIdentifier>{432cfab7-0ceb-4f6a-a7a0-62a455e7043b}</UniqueIdentifier>
    </Filter>
    <Filter Include="02. Physx\PhysDevice\EventCallback\CollisionInfo">
      <UniqueIdentifier>{578783e8-ea6d-4545-805e-e29ca85dc300}</UniqueIdentifier>
    </Filter>
    <Filter Include="02. Physx\Collider\Mesh\BinaryLoad">
      <UniqueIdentifier>{bde348d8-e04c-4b8b-bd60-9e3c7cdd9886}</UniqueIdentifier>
    </Filter>
    <Filter Include="02. Physx\Collider\Mesh\BinaryLoad\Math">
      <UniqueIdentifier>{471be298-f4c7-430d-a27f-016fb90f22bd}</UniqueIdentifier>
    </Filter>
    <Filter Include="02. Physx\Collider\Mesh\ConvexMeshWrapper">
      <UniqueIdentifier>{44e9c305-0de6-439a-8cb8-aeba2ae7782c}</UniqueIdentifier>
    </Filter>
    <Filter Include="01. Server\MessageHandler">
      <UniqueIdentifier>{c894ece9-7035-4490-bd61-68dd90edaab6}</UniqueIdentifier>
    </Filter>
    <Filter Include="01. Server\Room">
      <UniqueIdentifier>{447779a7-ddef-46ab-a42b-8076829462cb}</UniqueIdentifier>
    </Filter>
    <Filter Include="01. Server\Room\RoomManager">
      <UniqueIdentifier>{138ecda7-c9f9-4453-babd-570b7b91a347}</UniqueIdentifier>
    </Filter>
    <Filter Include="99. Utility\FBXLoader">
      <UniqueIdentifier>{b3a104df-1b10-4dd8-a1c4-c57f83e1a2cd}</UniqueIdentifier>
    </Filter>
    <Filter Include="99. Utility\FBXLoader\MapLoader">
      <UniqueIdentifier>{bf8deb4f-81f8-4f9e-9003-1126fbb81e53}</UniqueIdentifier>
    </Filter>
    <Filter Include="03. Game\01. GameObject\Monster">
      <UniqueIdentifier>{0e687708-8c00-4086-b86d-a9dfe5281335}</UniqueIdentifier>
    </Filter>
    <Filter Include="03. Game\01. GameObject\SkillObject">
      <UniqueIdentifier>{aa52c1d9-cf19-49ce-8756-eec3b0777e4c}</UniqueIdentifier>
    </Filter>
    <Filter Include="02. Physx\PhysDevice\EventCallback\TriggerInfo">
      <UniqueIdentifier>{25ed8d1f-9bed-4ac8-914b-f47a8057cfac}</UniqueIdentifier>
    </Filter>
    <Filter Include="02. Physx\PhysDevice\QueryFilterCallback">
      <UniqueIdentifier>{539b1455-be53-4ba3-82a6-735abd5d0d51}</UniqueIdentifier>
    </Filter>
    <Filter Include="03. Game\01. GameObject\TriggerObject">
      <UniqueIdentifier>{f4b7b417-5c0b-47b2-9fe1-f7a81ae65959}</UniqueIdentifier>
    </Filter>
    <Filter Include="01. Server\DB">
      <UniqueIdentifier>{c03ab8b2-3cf9-4361-b4d8-e8b8b37f6d23}</UniqueIdentifier>
    </Filter>
    <Filter Include="03. Game\01. GameObject\Monster\00. MonsterAI">
      <UniqueIdentifier>{7f4b6065-ab77-4e29-afa3-dd5dc360ba86}</UniqueIdentifier>
    </Filter>
    <Filter Include="03. Game\01. GameObject\Monster\00. MonsterAI\WeeperAI">
      <UniqueIdentifier>{f2edf3bf-04b2-404c-9dfb-c826aa1bba5b}</UniqueIdentifier>
    </Filter>
    <Filter Include="03. Game\01. GameObject\Monster\01. Monsters">
      <UniqueIdentifier>{b92fcf5e-67df-47e1-a705-f13b4c1d0c3a}</UniqueIdentifier>
    </Filter>
    <Filter Include="03. Game\01. GameObject\Monster\01. Monsters\Golem">
      <UniqueIdentifier>{001019ca-fda6-4e1d-8569-7fa9513d8c02}</UniqueIdentifier>
    </Filter>
    <Filter Include="03. Game\01. GameObject\Monster\01. Monsters\Dragon">
      <UniqueIdentifier>{a0c86811-ad09-48e6-9f30-8035ee079645}</UniqueIdentifier>
    </Filter>
    <Filter Include="03. Game\01. GameObject\Monster\01. Monsters\Weeper">
      <UniqueIdentifier>{c677c425-4658-4b78-8a4c-2b85b2c5847f}</UniqueIdentifier>
    </Filter>
    <Filter Include="03. Game\01. GameObject\Monster\00. MonsterAI\00. MonsterSkill">
      <UniqueIdentifier>{ea3d9318-e1b2-4240-9a62-2b929ec6fe66}</UniqueIdentifier>
    </Filter>
    <Filter Include="03. Game\01. GameObject\Monster\01. Monsters\Scorpion">
      <UniqueIdentifier>{992e94b5-ec6f-4fd2-afbc-260f0a6feda4}</UniqueIdentifier>
    </Filter>
    <Filter Include="03. Game\02. Event">
      <UniqueIdentifier>{fa72cbc0-7163-4c7c-8b89-695dbe5b9a02}</UniqueIdentifier>
    </Filter>
    <Filter Include="03. Game\02. Event\00. EventHandler">
      <UniqueIdentifier>{57098ae0-1764-43f8-83c2-517f0ce1fdb7}</UniqueIdentifier>
    </Filter>
    <Filter Include="03. Game\01. GameObject\Monster\01. Monsters\Scorpion">
      <UniqueIdentifier>{992e94b5-ec6f-4fd2-afbc-260f0a6feda4}</UniqueIdentifier>
    </Filter>
    <Filter Include="03. Game\02. Event\01. Event">
      <UniqueIdentifier>{2390eb7b-c91e-4d24-bd7c-23f69e274946}</UniqueIdentifier>
    </Filter>
    <Filter Include="03. Game\01. GameObject\Monster\00. MonsterAI\GolemAI">
      <UniqueIdentifier>{1d70d307-7c82-420d-a985-424d7feb3b20}</UniqueIdentifier>
    </Filter>
    <Filter Include="03. Game\01. GameObject\OverlapObject">
      <UniqueIdentifier>{5589447b-1418-410f-9303-c51b99b70780}</UniqueIdentifier>
    </Filter>
    <Filter Include="03. Game\01. GameObject\GimmikObject">
      <UniqueIdentifier>{190d1721-c8bf-4fe0-8813-dce238f65016}</UniqueIdentifier>
    </Filter>
    <Filter Include="03. Game\01. GameObject\GimmikObject\PilliarObject">
      <UniqueIdentifier>{3aa424de-5693-440f-b03e-c4e2e14ec092}</UniqueIdentifier>
    </Filter>
    <Filter Include="03. Game\01. GameObject\OverlapObject2">
      <UniqueIdentifier>{c334c9c1-151d-4cb5-89c4-0af1bd17cc31}</UniqueIdentifier>
    </Filter>
    <Filter Include="03. Game\01. GameObject\TriggerObject2">
      <UniqueIdentifier>{2ac2446a-6de6-466a-aa84-02c49c9f3267}</UniqueIdentifier>
    </Filter>
    <Filter Include="03. Game\01. GameObject\GimmikObject\ArtifactObject">
      <UniqueIdentifier>{2dc0684a-cd1e-4590-9bce-9c7420a89174}</UniqueIdentifier>
    </Filter>
  </ItemGroup>
  <ItemGroup>
    <ClCompile Include="pch.cpp">
      <Filter>99. Utility\pch</Filter>
    </ClCompile>
    <ClCompile Include="Session.cpp">
      <Filter>01. Server\Session</Filter>
    </ClCompile>
    <ClCompile Include="Server.cpp">
      <Filter>01. Server\Server</Filter>
    </ClCompile>
    <ClCompile Include="..\..\..\..\vendor\include\OVERLAPPEDEX.cpp">
      <Filter>99. Utility\OVERLAPPEDEX</Filter>
    </ClCompile>
    <ClCompile Include="..\..\..\..\vendor\include\Packet.cpp">
      <Filter>99. Utility\Packet</Filter>
    </ClCompile>
    <ClCompile Include="PhysDevice.cpp">
      <Filter>02. Physx\PhysDevice</Filter>
    </ClCompile>
    <ClCompile Include="CustomQueryFilterCallback.cpp">
      <Filter>02. Physx\PhysDevice\QueryFilterCallback</Filter>
    </ClCompile>
    <ClCompile Include="CustomFilterShader.cpp">
      <Filter>02. Physx\PhysDevice\FilterShader</Filter>
    </ClCompile>
    <ClCompile Include="PhysicsRay.cpp">
      <Filter>02. Physx\PhysDevice\PhysQuery\RaycastElements</Filter>
    </ClCompile>
    <ClCompile Include="RaycastHit.cpp">
      <Filter>02. Physx\PhysDevice\PhysQuery\RaycastElements</Filter>
    </ClCompile>
    <ClCompile Include="PhysQuery.cpp">
      <Filter>02. Physx\PhysDevice\PhysQuery</Filter>
    </ClCompile>
    <ClCompile Include="CollisionPairInfo.cpp">
      <Filter>02. Physx\PhysDevice\EventCallback\CollisionInfo</Filter>
    </ClCompile>
    <ClCompile Include="CustomSimulationEventCallback.cpp">
      <Filter>02. Physx\PhysDevice\EventCallback</Filter>
    </ClCompile>
    <ClCompile Include="Collider.cpp">
      <Filter>02. Physx\Collider</Filter>
    </ClCompile>
    <ClCompile Include="RigidBody.cpp">
      <Filter>02. Physx\RigidBody</Filter>
    </ClCompile>
    <ClCompile Include="BoxCollider.cpp">
      <Filter>02. Physx\Collider\Box</Filter>
    </ClCompile>
    <ClCompile Include="CapsuleCollider.cpp">
      <Filter>02. Physx\Collider\Capsule</Filter>
    </ClCompile>
    <ClCompile Include="SphereCollider.cpp">
      <Filter>02. Physx\Collider\Sphere</Filter>
    </ClCompile>
    <ClCompile Include="MeshCollider.cpp">
      <Filter>02. Physx\Collider\Mesh</Filter>
    </ClCompile>
    <ClCompile Include="CustomController.cpp">
      <Filter>02. Physx\CustomController</Filter>
    </ClCompile>
    <ClCompile Include="ControllerManagerWrapper.cpp">
      <Filter>02. Physx\Wrapper\Manager</Filter>
    </ClCompile>
    <ClCompile Include="EntryPoint.cpp" />
    <ClCompile Include="TimeManager.cpp">
      <Filter>97. System\Timers</Filter>
    </ClCompile>
    <ClCompile Include="GameObject.cpp">
      <Filter>98. GameUtility\01. GameObjects</Filter>
    </ClCompile>
    <ClCompile Include="Component.cpp">
      <Filter>98. GameUtility\02. Components</Filter>
    </ClCompile>
    <ClCompile Include="ObjectManager.cpp">
      <Filter>98. GameUtility\01. GameObjects\Manager</Filter>
    </ClCompile>
    <ClCompile Include="ControllerWrapper.cpp">
      <Filter>02. Physx\Wrapper</Filter>
    </ClCompile>
    <ClCompile Include="GameInstance.cpp">
      <Filter>98. GameUtility\00. GameInstance</Filter>
    </ClCompile>
    <ClCompile Include="Layer.cpp">
      <Filter>98. GameUtility\01. GameObjects\Layer</Filter>
    </ClCompile>
    <ClCompile Include="Vec3.cpp">
      <Filter>98. GameUtility\02. Components\Transform\Vec3</Filter>
    </ClCompile>
    <ClCompile Include="Quat.cpp">
      <Filter>98. GameUtility\02. Components\Transform\Quat</Filter>
    </ClCompile>
    <ClCompile Include="Transform.cpp">
      <Filter>98. GameUtility\02. Components\Transform</Filter>
    </ClCompile>
    <ClCompile Include="Player.cpp">
      <Filter>03. Game\01. GameObject\Player</Filter>
    </ClCompile>
    <ClCompile Include="MapObject.cpp">
      <Filter>03. Game\01. GameObject\MapObject</Filter>
    </ClCompile>
    <ClCompile Include="Level.cpp">
      <Filter>98. GameUtility\03. Level</Filter>
    </ClCompile>
    <ClCompile Include="TestLevel.cpp">
      <Filter>03. Game\00. Level</Filter>
    </ClCompile>
    <ClCompile Include="SimpleMath.cpp">
      <Filter>02. Physx\Collider\Mesh\BinaryLoad\Math</Filter>
    </ClCompile>
    <ClCompile Include="FBXLoader.cpp">
      <Filter>99. Utility\FBXLoader</Filter>
    </ClCompile>
    <ClCompile Include="MeshWrapper.cpp">
      <Filter>02. Physx\Collider\Mesh\ConvexMeshWrapper</Filter>
    </ClCompile>
    <ClCompile Include="MessageHandler.cpp">
      <Filter>01. Server\MessageHandler</Filter>
    </ClCompile>
    <ClCompile Include="FBXMapLoader.cpp">
      <Filter>99. Utility\FBXLoader\MapLoader</Filter>
    </ClCompile>
    <ClCompile Include="RoomManager.cpp">
      <Filter>01. Server\Room\RoomManager</Filter>
    </ClCompile>
    <ClCompile Include="Room.cpp">
      <Filter>01. Server\Room</Filter>
    </ClCompile>
    <ClCompile Include="Monster.cpp">
      <Filter>03. Game\01. GameObject\Monster</Filter>
    </ClCompile>
    <ClCompile Include="SkillObject.cpp">
      <Filter>03. Game\01. GameObject\SkillObject</Filter>
    </ClCompile>
    <ClCompile Include="TriggerPairInfo.cpp">
      <Filter>02. Physx\PhysDevice\EventCallback\TriggerInfo</Filter>
    </ClCompile>
    <ClCompile Include="TriggerObject.cpp">
      <Filter>03. Game\01. GameObject\TriggerObject</Filter>
    </ClCompile>
    <ClCompile Include="Database.cpp">
      <Filter>01. Server\DB</Filter>
    </ClCompile>
    <ClCompile Include="Weeper.cpp">
      <Filter>03. Game\01. GameObject\Monster\01. Monsters\Weeper</Filter>
    </ClCompile>
    <ClCompile Include="Dragon.cpp">
      <Filter>03. Game\01. GameObject\Monster\01. Monsters\Dragon</Filter>
    </ClCompile>
    <ClCompile Include="MonsterSkill.cpp">
      <Filter>03. Game\01. GameObject\Monster\00. MonsterAI\00. MonsterSkill</Filter>
    </ClCompile>
    <ClCompile Include="MonsterAI.cpp">
      <Filter>03. Game\01. GameObject\Monster\00. MonsterAI</Filter>
    </ClCompile>
    <ClCompile Include="WeeperAI.cpp">
      <Filter>03. Game\01. GameObject\Monster\00. MonsterAI\WeeperAI</Filter>
    </ClCompile>
    <ClCompile Include="Scorpion.cpp">
      <Filter>03. Game\01. GameObject\Monster\01. Monsters\Scorpion</Filter>
    </ClCompile>
    <ClCompile Include="EventHandler.cpp">
      <Filter>03. Game\02. Event\00. EventHandler</Filter>
    </ClCompile>
    <ClCompile Include="Event.cpp">
      <Filter>03. Game\02. Event\01. Event</Filter>
    </ClCompile>
    <ClCompile Include="Scorpion.cpp">
      <Filter>03. Game\01. GameObject\Monster\01. Monsters\Scorpion</Filter>
    </ClCompile>
    <ClCompile Include="Golem.cpp">
      <Filter>03. Game\01. GameObject\Monster\01. Monsters\Golem</Filter>
    </ClCompile>
    <ClCompile Include="GolemAI.cpp">
      <Filter>03. Game\01. GameObject\Monster\00. MonsterAI\GolemAI</Filter>
    </ClCompile>
    <ClCompile Include="OverlapObject.cpp">
      <Filter>03. Game\01. GameObject\OverlapObject</Filter>
    </ClCompile>
    <ClCompile Include="PillarObject.cpp">
      <Filter>03. Game\01. GameObject\GimmikObject\PilliarObject</Filter>
    </ClCompile>
    <ClCompile Include="OverlapObject2.cpp">
      <Filter>03. Game\01. GameObject\OverlapObject2</Filter>
    </ClCompile>
    <ClCompile Include="TriggerObject2.cpp">
      <Filter>03. Game\01. GameObject\TriggerObject2</Filter>
    </ClCompile>
    <ClCompile Include="ArtifactObject.cpp">
      <Filter>03. Game\01. GameObject\GimmikObject\ArtifactObject</Filter>
    </ClCompile>
  </ItemGroup>
  <ItemGroup>
    <ClInclude Include="pch.h">
      <Filter>99. Utility\pch</Filter>
    </ClInclude>
    <ClInclude Include="Session.h">
      <Filter>01. Server\Session</Filter>
    </ClInclude>
    <ClInclude Include="Server.h">
      <Filter>01. Server\Server</Filter>
    </ClInclude>
    <ClInclude Include="..\..\..\..\vendor\include\OVERLAPPEDEX.h">
      <Filter>99. Utility\OVERLAPPEDEX</Filter>
    </ClInclude>
    <ClInclude Include="..\..\..\..\vendor\include\Packet.h">
      <Filter>99. Utility\Packet</Filter>
    </ClInclude>
    <ClInclude Include="..\..\..\..\vendor\include\protocol.hpp">
      <Filter>99. Utility</Filter>
    </ClInclude>
    <ClInclude Include="PhysDevice.h">
      <Filter>02. Physx\PhysDevice</Filter>
    </ClInclude>
    <ClInclude Include="CustomQueryFilterCallback.h">
      <Filter>02. Physx\PhysDevice\QueryFilterCallback</Filter>
    </ClInclude>
    <ClInclude Include="CustomFilterShader.h">
      <Filter>02. Physx\PhysDevice\FilterShader</Filter>
    </ClInclude>
    <ClInclude Include="PhysicsRay.h">
      <Filter>02. Physx\PhysDevice\PhysQuery\RaycastElements</Filter>
    </ClInclude>
    <ClInclude Include="RaycastHit.h">
      <Filter>02. Physx\PhysDevice\PhysQuery\RaycastElements</Filter>
    </ClInclude>
    <ClInclude Include="PhysQuery.h">
      <Filter>02. Physx\PhysDevice\PhysQuery</Filter>
    </ClInclude>
    <ClInclude Include="CollisionPairInfo.h">
      <Filter>02. Physx\PhysDevice\EventCallback\CollisionInfo</Filter>
    </ClInclude>
    <ClInclude Include="CustomSimulationEventCallback.h">
      <Filter>02. Physx\PhysDevice\EventCallback</Filter>
    </ClInclude>
    <ClInclude Include="Collider.h">
      <Filter>02. Physx\Collider</Filter>
    </ClInclude>
    <ClInclude Include="BoxCollider.h">
      <Filter>02. Physx\Collider\Box</Filter>
    </ClInclude>
    <ClInclude Include="CapsuleCollider.h">
      <Filter>02. Physx\Collider\Capsule</Filter>
    </ClInclude>
    <ClInclude Include="SphereCollider.h">
      <Filter>02. Physx\Collider\Sphere</Filter>
    </ClInclude>
    <ClInclude Include="MeshCollider.h">
      <Filter>02. Physx\Collider\Mesh</Filter>
    </ClInclude>
    <ClInclude Include="CustomController.h">
      <Filter>02. Physx\CustomController</Filter>
    </ClInclude>
    <ClInclude Include="ControllerManagerWrapper.h">
      <Filter>02. Physx\Wrapper\Manager</Filter>
    </ClInclude>
    <ClInclude Include="game_macro.h">
      <Filter>99. Utility\pch\CodeUtils</Filter>
    </ClInclude>
    <ClInclude Include="game_functions.h">
      <Filter>99. Utility\pch\CodeUtils</Filter>
    </ClInclude>
    <ClInclude Include="..\..\..\..\vendor\include\Define.h">
      <Filter>99. Utility\pch\CodeUtils</Filter>
    </ClInclude>
    <ClInclude Include="physx_utils.h">
      <Filter>02. Physx</Filter>
    </ClInclude>
    <ClInclude Include="physx_define.h">
      <Filter>02. Physx</Filter>
    </ClInclude>
    <ClInclude Include="TimeManager.h">
      <Filter>97. System\Timers</Filter>
    </ClInclude>
    <ClInclude Include="GameObject.h">
      <Filter>98. GameUtility\01. GameObjects</Filter>
    </ClInclude>
    <ClInclude Include="Component.h">
      <Filter>98. GameUtility\02. Components</Filter>
    </ClInclude>
    <ClInclude Include="ObjectManager.h">
      <Filter>98. GameUtility\01. GameObjects\Manager</Filter>
    </ClInclude>
    <ClInclude Include="ControllerWrapper.h">
      <Filter>02. Physx\Wrapper</Filter>
    </ClInclude>
    <ClInclude Include="GameInstance.h">
      <Filter>98. GameUtility\00. GameInstance</Filter>
    </ClInclude>
    <ClInclude Include="Layer.h">
      <Filter>98. GameUtility\01. GameObjects\Layer</Filter>
    </ClInclude>
    <ClInclude Include="Transform.h">
      <Filter>98. GameUtility\02. Components\Transform</Filter>
    </ClInclude>
    <ClInclude Include="Vec3.h">
      <Filter>98. GameUtility\02. Components\Transform\Vec3</Filter>
    </ClInclude>
    <ClInclude Include="Quat.h">
      <Filter>98. GameUtility\02. Components\Transform\Quat</Filter>
    </ClInclude>
    <ClInclude Include="transform_utils.h">
      <Filter>99. Utility\pch\CodeUtils</Filter>
    </ClInclude>
    <ClInclude Include="Player.h">
      <Filter>03. Game\01. GameObject\Player</Filter>
    </ClInclude>
    <ClInclude Include="MapObject.h">
      <Filter>03. Game\01. GameObject\MapObject</Filter>
    </ClInclude>
    <ClInclude Include="Level.h">
      <Filter>98. GameUtility\03. Level</Filter>
    </ClInclude>
    <ClInclude Include="TestLevel.h">
      <Filter>03. Game\00. Level</Filter>
    </ClInclude>
    <ClInclude Include="SimpleMath.h">
      <Filter>02. Physx\Collider\Mesh\BinaryLoad\Math</Filter>
    </ClInclude>
    <ClInclude Include="d3dx12.h">
      <Filter>02. Physx\Collider\Mesh\BinaryLoad</Filter>
    </ClInclude>
    <ClInclude Include="FBXLoader.h">
      <Filter>99. Utility\FBXLoader</Filter>
    </ClInclude>
    <ClInclude Include="MeshWrapper.h">
      <Filter>02. Physx\Collider\Mesh\ConvexMeshWrapper</Filter>
    </ClInclude>
    <ClInclude Include="MessageHandler.h">
      <Filter>01. Server\MessageHandler</Filter>
    </ClInclude>
    <ClInclude Include="RoomManager.h">
      <Filter>01. Server\Room\RoomManager</Filter>
    </ClInclude>
    <ClInclude Include="Room.h">
      <Filter>01. Server\Room</Filter>
    </ClInclude>
    <ClInclude Include="FBXMapLoader.h">
      <Filter>99. Utility\FBXLoader\MapLoader</Filter>
    </ClInclude>
    <ClInclude Include="RigidBody.h">
      <Filter>02. Physx\RigidBody</Filter>
    </ClInclude>
    <ClInclude Include="Monster.h">
      <Filter>03. Game\01. GameObject\Monster</Filter>
    </ClInclude>
    <ClInclude Include="SkillObject.h">
      <Filter>03. Game\01. GameObject\SkillObject</Filter>
    </ClInclude>
    <ClInclude Include="TriggerPairInfo.h">
      <Filter>02. Physx\PhysDevice\EventCallback\TriggerInfo</Filter>
    </ClInclude>
    <ClInclude Include="TriggerObject.h">
      <Filter>03. Game\01. GameObject\TriggerObject</Filter>
    </ClInclude>
    <ClInclude Include="Database.h">
      <Filter>01. Server\DB</Filter>
    </ClInclude>
    <ClInclude Include="Weeper.h">
      <Filter>03. Game\01. GameObject\Monster\01. Monsters\Weeper</Filter>
    </ClInclude>
    <ClInclude Include="Dragon.h">
      <Filter>03. Game\01. GameObject\Monster\01. Monsters\Dragon</Filter>
    </ClInclude>
    <ClInclude Include="Monsters.hpp">
      <Filter>03. Game\01. GameObject\Monster</Filter>
    </ClInclude>
    <ClInclude Include="MonsterSkill.h">
      <Filter>03. Game\01. GameObject\Monster\00. MonsterAI\00. MonsterSkill</Filter>
    </ClInclude>
    <ClInclude Include="MonsterAI.h">
      <Filter>03. Game\01. GameObject\Monster\00. MonsterAI</Filter>
    </ClInclude>
    <ClInclude Include="WeeperAI.h">
      <Filter>03. Game\01. GameObject\Monster\00. MonsterAI\WeeperAI</Filter>
    </ClInclude>
    <ClInclude Include="Scorpion.h">
      <Filter>03. Game\01. GameObject\Monster\01. Monsters\Scorpion</Filter>
    </ClInclude>
    <ClInclude Include="EventHandler.h">
      <Filter>03. Game\02. Event\00. EventHandler</Filter>
    </ClInclude>
    <ClInclude Include="Event.h">
      <Filter>03. Game\02. Event\01. Event</Filter>
    </ClInclude>
    <ClInclude Include="Scorpion.h">
      <Filter>03. Game\01. GameObject\Monster\01. Monsters\Scorpion</Filter>
    </ClInclude>
    <ClInclude Include="Golem.h">
      <Filter>03. Game\01. GameObject\Monster\01. Monsters\Golem</Filter>
    </ClInclude>
    <ClInclude Include="GolemAI.h">
      <Filter>03. Game\01. GameObject\Monster\00. MonsterAI\GolemAI</Filter>
    </ClInclude>
    <ClInclude Include="OverlapObject.h">
      <Filter>03. Game\01. GameObject\OverlapObject</Filter>
    </ClInclude>
    <ClInclude Include="PillarObject.h">
      <Filter>03. Game\01. GameObject\GimmikObject\PilliarObject</Filter>
    </ClInclude>
    <ClInclude Include="OverlapObject2.h">
      <Filter>03. Game\01. GameObject\OverlapObject2</Filter>
    </ClInclude>
    <ClInclude Include="TriggerObject2.h">
      <Filter>03. Game\01. GameObject\TriggerObject2</Filter>
    </ClInclude>
    <ClInclude Include="ArtifactObject.h">
      <Filter>03. Game\01. GameObject\GimmikObject\ArtifactObject</Filter>
    </ClInclude>
  </ItemGroup>
  <ItemGroup>
    <None Include="SimpleMath.inl">
      <Filter>02. Physx\Collider\Mesh\BinaryLoad\Math</Filter>
    </None>
  </ItemGroup>
</Project>